{
  "version": 4,
  "terraform_version": "1.7.3",
  "serial": 8,
  "lineage": "deeb4541-fee5-e587-cb8d-e9339d97893f",
  "outputs": {
    "app_environment": {
      "value": "stg",
      "type": "string"
    },
    "app_path": {
      "value": "",
      "type": "string"
    },
    "app_storage_path": {
      "value": "/data",
      "type": "string"
    }
  },
  "resources": [
    {
      "mode": "data",
      "type": "terraform_remote_state",
      "name": "kubernetes_cluster",
      "provider": "provider[\"terraform.io/builtin/terraform\"]",
      "instances": [
        {
          "schema_version": 0,
          "attributes": {
            "backend": "local",
            "config": {
              "value": {
                "path": "../cluster/terraform.tfstate"
              },
              "type": [
                "object",
                {
                  "path": "string"
                }
              ]
            },
            "defaults": null,
            "outputs": {
              "value": {
                "client_certificate": "-----BEGIN CERTIFICATE-----\nMIIDITCCAgmgAwIBAgIBAjANBgkqhkiG9w0BAQsFADAVMRMwEQYDVQQDEwptaW5p\na3ViZUNBMB4XDTI0MDIxNDEwMTM1M1oXDTI3MDIxNDEwMTM1M1owMTEXMBUGA1UE\nChMOc3lzdGVtOm1hc3RlcnMxFjAUBgNVBAMTDW1pbmlrdWJlLXVzZXIwggEiMA0G\nCSqGSIb3DQEBAQUAA4IBDwAwggEKAoIBAQDgJOb+ypcjcewxz0eb+2ghBaAO4XLQ\nEZjAWOBn0DQdplsDpfFQ37wVX6JcS1DAzNB6Q3CndaZ662uxhWuUbBzLyRIRMSBQ\nALayzXinBTtw2VB5k5ABHYd8wfbDbNnbqq1EJlyH2DZp0EvPxRrzwGITxo871MD9\niYTvk46JQG0YH7sVSUkaI4Hvgj5B/yYfWrqjTrKbM9aJq8ooeD3wf4LURGtzvDgt\nGW+Mm4h8XSF+9LOktGbACjksxENe/5A4DubPYZzS9kiIns/RfLg/6DhIJxyHhOji\nhKD/KiOnCp8s5EJGtHrrs6hOyCqSruCmaA/SkMo2HCqY0DH7vt2hJdn7AgMBAAGj\nYDBeMA4GA1UdDwEB/wQEAwIFoDAdBgNVHSUEFjAUBggrBgEFBQcDAQYIKwYBBQUH\nAwIwDAYDVR0TAQH/BAIwADAfBgNVHSMEGDAWgBTIbWwsZ/LJCiFcMbv5CtA2eHs7\nmDANBgkqhkiG9w0BAQsFAAOCAQEAbVx6S8WBUCGNg07qQ1NQc9m0/2QXeQCYYGIi\nmJl1FEeHM/vDa4SrRlfAFigJUujitC5Pe7jNky8oWACTafgurOSv8nnUrilOUFHL\noZn3zOx3zgP4mrcv//rbSi1jmdoNhEcy8x8w86DtK9Qz/Qd4dN6dXoEZZJxdP3xj\n8jENkWKt0WqitSiG7bUI8yhiRyZKc9J2pI7T8fgYljzFNf86gqDv3BpkaamZqupZ\n7OpDNacZ2H63/luLUmLGMBPg1mYsLshbxByphkQF94mL0eBiE7+Gr2L2EoiByuHV\n7Lpwr/4tc8Oxe0QHyY4fT6G3KCAu0NTSOF+cxk71EL/9ydgVHw==\n-----END CERTIFICATE-----\n",
                "client_key": "-----BEGIN RSA PRIVATE KEY-----\nMIIEpQIBAAKCAQEA4CTm/sqXI3HsMc9Hm/toIQWgDuFy0BGYwFjgZ9A0HaZbA6Xx\nUN+8FV+iXEtQwMzQekNwp3WmeutrsYVrlGwcy8kSETEgUAC2ss14pwU7cNlQeZOQ\nAR2HfMH2w2zZ26qtRCZch9g2adBLz8Ua88BiE8aPO9TA/YmE75OOiUBtGB+7FUlJ\nGiOB74I+Qf8mH1q6o06ymzPWiavKKHg98H+C1ERrc7w4LRlvjJuIfF0hfvSzpLRm\nwAo5LMRDXv+QOA7mz2Gc0vZIiJ7P0Xy4P+g4SCcch4To4oSg/yojpwqfLORCRrR6\n67OoTsgqkq7gpmgP0pDKNhwqmNAx+77doSXZ+wIDAQABAoIBACvj7fucbgX5y9dh\nEFOh4hz9Pf9L9DB8EZ4wiRiq81mO9ql7OAqvFORWirNp6BEoyfX2+LtB1WyiZr8n\nMg6pMOZSpCALr5ka2quegm6qHp6VXyW/WGZvgtVSIeDYkrxp6m262Umcc+M6b23q\n2cE7PblDm06K9ZNv90D2cuW7YOFlD2WkbHV5i9HWgVxz0ZTchTkAWAxb2Le19x6/\nbAKr5UhKYY7THxvjW2eQSlzv3DG8S4icmkcidqBD08eUuHhIsZVHMSthmLylWndw\nWUtNKbG+GgCLqiZwfAtdBprm+lMzjEcGXcavRIgTxCfAGjYE4Miw45L3jfmxJg/U\n9JLZjkECgYEA9S7KcOTx7YSHiJdcVsrCXZ5WeTiSQD4u8cC9nrDSlnzCEdkNasOY\n/ZCWoLGYIwGAaoONlJVx0muFKnISXn4FvqnR20lhoeaI+Q6DLxQTJSXOPSTWa7IA\nhNACAt7dlbuB2R8f8cG/d+V0oETFFSrHIUh7FMot4rFDSgtgatFIh6ECgYEA6gh9\nziLC1uD9FFz+GAeIJLvtNijXoFFg+wWNH8ui8ykYd021KtTBgvtyXV1JjLs+wh6T\nV+gm2+DbHT8GXkqt+XzSMh2fqQCPV+mtvJDSpB9MkcXK8RawoCq/KMhiPDVcmJ7r\nb4yE1PXWjs1rXJEDAL233YVnDPi0JlalGSWkDBsCgYEAml7WiVQs2p4Z869RLThG\nPkmGKpaqxpYgWog/G147iRKN4kzl/LWgau4RWKXYoxm779RaXRXm71RRKNNfq2zv\nUwd7IPVH6nbLAPzZLdgW4cm225qJAo+1cenBimsl2rOPYtQM+dtCIUwwLQR/jf88\nF0GadRGC6HsxYbpd/4M7hmECgYEAukgaAysuFSWurDe81Nmh50NidBqcT3KXFBd+\nFlHbmVsbq1LCIp6IjT6h8Gjhs1ATiyYVOAKEc74OCsBwzDr7MbvF/7gOrtHQRzSs\nYoyP7a0wIFPkznO2ETcVQ1wEvVHoK19LnVWnIW+w4afmjh6q2jsoj/2wYeXQVzfe\nYB7S7gMCgYEAh58jtOG+r3nK6qDFGL1Mfaa2j6mclpFY3oPkxMemRlhgcHBLJwzv\nFwnYGDx4VELNahO2yx8Wah8KZqbAXfzMZC1895/Dr/XGNdXOVk9B1mM60HmjWDdT\nutAFsQoRsih82woYTGakIgXluOm8IDSbJzrXUdMRWaP55sUp4sAU1RI=\n-----END RSA PRIVATE KEY-----\n",
                "cluster_ca_certificate": "-----BEGIN CERTIFICATE-----\nMIIDBjCCAe6gAwIBAgIBATANBgkqhkiG9w0BAQsFADAVMRMwEQYDVQQDEwptaW5p\na3ViZUNBMB4XDTIzMDcxMDE3MjcxMFoXDTMzMDcwODE3MjcxMFowFTETMBEGA1UE\nAxMKbWluaWt1YmVDQTCCASIwDQYJKoZIhvcNAQEBBQADggEPADCCAQoCggEBANqX\nyDP4YcrKIRg/Xp+Ujr7EnjxsxxBMkjzcJDxKieGOQwDqvS/SsXRoC9MUbeyEY5Zn\nepMUdIVr82WQQkQbvsuqzPQJufF651eOhvtFlx2zYZ0fafL8PTJct6j2y73h36ku\nJ9pZeR5kpMWv3Uro/63oPQJuKLtirU6oOjE+VTzrnPbWA5goqdK4ipvMQH2+DJ/W\nsoWwTCVb6AMld/bRr5NDMJMYE8DZV/JGlp4sH8K2LqqCQChG4tkA1oOkh3nutosx\nS+Zvp0KlYmbUmJQRZc2ChQTMb5i1199ROPxiIljGD3DBkUl5036f0CahZSwaOAyf\nR/YdR/jBL7d9L9jT+RUCAwEAAaNhMF8wDgYDVR0PAQH/BAQDAgKkMB0GA1UdJQQW\nMBQGCCsGAQUFBwMCBggrBgEFBQcDATAPBgNVHRMBAf8EBTADAQH/MB0GA1UdDgQW\nBBTIbWwsZ/LJCiFcMbv5CtA2eHs7mDANBgkqhkiG9w0BAQsFAAOCAQEAHs9VCH/8\nyQNfkIBCtk5e/3S37hfuSL/qPDGtO8heOpaH11PZkyIrs3nTCdlS5HIbUzsik9cD\n7mrSVfLJM3Pv/NnQLn6lrGJGtkSJaODyUoWbztjA6bCcYy71kGgLAqlzJZPhxAmU\nxr9eSfNYRdWroBCqI+DtJ6VjY14i7smn7OZNAFD5ykDdR6hDvGitYvXA7QkIX4G9\nJLn2DZmI3ALoc+V8wDiLp6bDMVV4uVtOKy/CV16jwYGRy6h6kJ0YfY4y1YhLSLZJ\nnS7W/wJmIMLRx2vXisY/NTcX/ZTu83rlWbTfKMz3mxj3m/Tu2YQwFSAKYdMkwWtt\nsjo8vIEZ5I15zQ==\n-----END CERTIFICATE-----\n",
                "cluster_host": "https://127.0.0.1:53647",
                "cluster_name": "stg-cluster"
              },
              "type": [
                "object",
                {
                  "client_certificate": "string",
                  "client_key": "string",
                  "cluster_ca_certificate": "string",
                  "cluster_host": "string",
                  "cluster_name": "string"
                }
              ]
            },
            "workspace": null
          },
          "sensitive_attributes": []
        }
      ]
    },
    {
      "module": "module.app",
      "mode": "managed",
      "type": "kubernetes_ingress_v1",
      "name": "app_ingress",
      "provider": "module.app.provider[\"registry.terraform.io/hashicorp/kubernetes\"]",
      "instances": [
        {
          "schema_version": 0,
          "attributes": {
            "id": "apps/app-ingress",
            "metadata": [
              {
                "annotations": {
                  "nginx.ingress.kubernetes.io/rewrite-target": "/$1"
                },
                "generate_name": "",
                "generation": 1,
                "labels": {},
                "name": "app-ingress",
                "namespace": "apps",
                "resource_version": "860",
                "uid": "a7aa3122-7bda-421f-886a-d9f1652fa6b0"
              }
            ],
            "spec": [
              {
                "default_backend": [],
                "ingress_class_name": "nginx",
                "rule": [
                  {
                    "host": "stg.one2n.local",
                    "http": [
                      {
                        "path": [
                          {
                            "backend": [
                              {
                                "resource": [],
                                "service": [
                                  {
                                    "name": "app-service",
                                    "port": [
                                      {
                                        "name": "",
                                        "number": 80
                                      }
                                    ]
                                  }
                                ]
                              }
                            ],
                            "path": "",
                            "path_type": "ImplementationSpecific"
                          }
                        ]
                      }
                    ]
                  }
                ],
                "tls": []
              }
            ],
            "status": [
              {
                "load_balancer": [
                  {
                    "ingress": [
                      {
                        "hostname": "",
                        "ip": "192.168.67.2"
                      }
                    ]
                  }
                ]
              }
            ],
            "timeouts": null,
            "wait_for_load_balancer": null
          },
          "sensitive_attributes": [],
          "private": "eyJlMmJmYjczMC1lY2FhLTExZTYtOGY4OC0zNDM2M2JjN2M0YzAiOnsiY3JlYXRlIjoxMjAwMDAwMDAwMDAwLCJkZWxldGUiOjEyMDAwMDAwMDAwMDB9fQ==",
          "dependencies": [
            "data.terraform_remote_state.kubernetes_cluster",
            "module.app.kubernetes_namespace_v1.app_namespace",
            "module.app.kubernetes_service_v1.app_service"
          ]
        }
      ]
    },
    {
      "module": "module.app",
      "mode": "managed",
      "type": "kubernetes_namespace_v1",
      "name": "app_namespace",
      "provider": "module.app.provider[\"registry.terraform.io/hashicorp/kubernetes\"]",
      "instances": [
        {
          "schema_version": 0,
          "attributes": {
            "id": "apps",
            "metadata": [
              {
                "annotations": {},
                "generate_name": "",
                "generation": 0,
                "labels": {
                  "environment": "stg"
                },
                "name": "apps",
                "resource_version": "829",
                "uid": "3c9db460-6eb7-442f-89b6-28cdca8f7bd0"
              }
            ],
            "timeouts": null,
            "wait_for_default_service_account": false
          },
          "sensitive_attributes": [],
          "private": "eyJlMmJmYjczMC1lY2FhLTExZTYtOGY4OC0zNDM2M2JjN2M0YzAiOnsiZGVsZXRlIjozMDAwMDAwMDAwMDB9fQ==",
          "dependencies": [
            "data.terraform_remote_state.kubernetes_cluster"
          ]
        }
      ]
    },
    {
      "module": "module.app",
      "mode": "managed",
      "type": "kubernetes_persistent_volume_claim_v1",
      "name": "app_data_claim",
      "provider": "module.app.provider[\"registry.terraform.io/hashicorp/kubernetes\"]",
      "instances": [
        {
          "schema_version": 0,
          "attributes": {
            "id": "apps/app-storage-claim",
            "metadata": [
              {
                "annotations": {},
                "generate_name": "",
                "generation": 0,
                "labels": {},
                "name": "app-storage-claim",
                "namespace": "apps",
                "resource_version": "847",
                "uid": "39ce2c4a-6a93-47e3-ad85-ea59fed52b6f"
              }
            ],
            "spec": [
              {
                "access_modes": [
                  "ReadWriteOnce"
                ],
                "resources": [
                  {
                    "limits": {},
                    "requests": {
                      "storage": "5Gi"
                    }
                  }
                ],
                "selector": [],
                "storage_class_name": "standard",
                "volume_mode": "Filesystem",
                "volume_name": "app-storage"
              }
            ],
            "timeouts": null,
            "wait_until_bound": true
          },
          "sensitive_attributes": [],
          "private": "eyJlMmJmYjczMC1lY2FhLTExZTYtOGY4OC0zNDM2M2JjN2M0YzAiOnsiY3JlYXRlIjozMDAwMDAwMDAwMDB9fQ==",
          "dependencies": [
            "data.terraform_remote_state.kubernetes_cluster",
            "module.app.kubernetes_namespace_v1.app_namespace",
            "module.app.kubernetes_persistent_volume_v1.app_data"
          ]
        }
      ]
    },
    {
      "module": "module.app",
      "mode": "managed",
      "type": "kubernetes_persistent_volume_v1",
      "name": "app_data",
      "provider": "module.app.provider[\"registry.terraform.io/hashicorp/kubernetes\"]",
      "instances": [
        {
          "schema_version": 0,
          "attributes": {
            "id": "app-storage",
            "metadata": [
              {
                "annotations": {},
                "generation": 0,
                "labels": {},
                "name": "app-storage",
                "resource_version": "845",
                "uid": "0187aa7f-583b-41cd-a876-63720583cd37"
              }
            ],
            "spec": [
              {
                "access_modes": [
                  "ReadWriteOnce"
                ],
                "capacity": {
                  "storage": "10Gi"
                },
                "claim_ref": [
                  {
                    "name": "app-storage-claim",
                    "namespace": "apps"
                  }
                ],
                "mount_options": [],
                "node_affinity": [],
                "persistent_volume_reclaim_policy": "Retain",
                "persistent_volume_source": [
                  {
                    "aws_elastic_block_store": [],
                    "azure_disk": [],
                    "azure_file": [],
                    "ceph_fs": [],
                    "cinder": [],
                    "csi": [],
                    "fc": [],
                    "flex_volume": [],
                    "flocker": [],
                    "gce_persistent_disk": [],
                    "glusterfs": [],
                    "host_path": [
                      {
                        "path": "/data",
                        "type": "DirectoryOrCreate"
                      }
                    ],
                    "iscsi": [],
                    "local": [],
                    "nfs": [],
                    "photon_persistent_disk": [],
                    "quobyte": [],
                    "rbd": [],
                    "vsphere_volume": []
                  }
                ],
                "storage_class_name": "standard",
                "volume_mode": "Filesystem"
              }
            ],
            "timeouts": null
          },
          "sensitive_attributes": [],
          "private": "eyJlMmJmYjczMC1lY2FhLTExZTYtOGY4OC0zNDM2M2JjN2M0YzAiOnsiY3JlYXRlIjozMDAwMDAwMDAwMDB9fQ==",
          "dependencies": [
            "data.terraform_remote_state.kubernetes_cluster"
          ]
        }
      ]
    },
    {
      "module": "module.app",
      "mode": "managed",
      "type": "kubernetes_pod_v1",
      "name": "app",
      "provider": "module.app.provider[\"registry.terraform.io/hashicorp/kubernetes\"]",
      "instances": [
        {
          "schema_version": 1,
          "attributes": {
            "id": "apps/app",
            "metadata": [
              {
                "annotations": {},
                "generate_name": "",
                "generation": 0,
                "labels": {
                  "app.kubernetes.io/name": "app",
                  "environment": "stg"
                },
                "name": "app",
                "namespace": "apps",
                "resource_version": "877",
                "uid": "4f859a1d-c087-4b7e-a44d-7dd5bd778ea3"
              }
            ],
            "spec": [
              {
                "active_deadline_seconds": 0,
                "affinity": [],
                "automount_service_account_token": true,
                "container": [
                  {
                    "args": [],
                    "command": [],
                    "env": [],
                    "env_from": [],
                    "image": "nginx:latest",
                    "image_pull_policy": "Always",
                    "lifecycle": [],
                    "liveness_probe": [
                      {
                        "exec": [],
                        "failure_threshold": 3,
                        "grpc": [],
                        "http_get": [
                          {
                            "host": "",
                            "http_header": [],
                            "path": "/",
                            "port": "80",
                            "scheme": "HTTP"
                          }
                        ],
                        "initial_delay_seconds": 0,
                        "period_seconds": 10,
                        "success_threshold": 1,
                        "tcp_socket": [],
                        "timeout_seconds": 1
                      }
                    ],
                    "name": "app",
                    "port": [],
                    "readiness_probe": [],
                    "resources": [
                      {
                        "limits": {},
                        "requests": {}
                      }
                    ],
                    "security_context": [],
                    "startup_probe": [],
                    "stdin": false,
                    "stdin_once": false,
                    "termination_message_path": "/dev/termination-log",
                    "termination_message_policy": "File",
                    "tty": false,
                    "volume_mount": [],
                    "working_dir": ""
                  }
                ],
                "dns_config": [],
                "dns_policy": "ClusterFirst",
                "enable_service_links": true,
                "host_aliases": [],
                "host_ipc": false,
                "host_network": false,
                "host_pid": false,
                "hostname": "",
                "image_pull_secrets": [],
                "init_container": [],
                "node_name": "stg-cluster",
                "node_selector": {},
                "os": [],
                "priority_class_name": "",
                "readiness_gate": [],
                "restart_policy": "Always",
                "runtime_class_name": "",
                "scheduler_name": "default-scheduler",
                "security_context": [],
                "service_account_name": "default",
                "share_process_namespace": false,
                "subdomain": "",
                "termination_grace_period_seconds": 30,
                "toleration": [],
                "topology_spread_constraint": [],
                "volume": []
              }
            ],
            "target_state": null,
            "timeouts": null
          },
          "sensitive_attributes": [],
          "private": "eyJlMmJmYjczMC1lY2FhLTExZTYtOGY4OC0zNDM2M2JjN2M0YzAiOnsiY3JlYXRlIjozMDAwMDAwMDAwMDAsImRlbGV0ZSI6MzAwMDAwMDAwMDAwfSwic2NoZW1hX3ZlcnNpb24iOiIxIn0=",
          "dependencies": [
            "data.terraform_remote_state.kubernetes_cluster",
            "module.app.kubernetes_namespace_v1.app_namespace"
          ]
        }
      ]
    },
    {
      "module": "module.app",
      "mode": "managed",
      "type": "kubernetes_service_v1",
      "name": "app_service",
      "provider": "module.app.provider[\"registry.terraform.io/hashicorp/kubernetes\"]",
      "instances": [
        {
          "schema_version": 1,
          "attributes": {
            "id": "apps/app-service",
            "metadata": [
              {
                "annotations": {},
                "generate_name": "",
                "generation": 0,
                "labels": {},
                "name": "app-service",
                "namespace": "apps",
                "resource_version": "837",
                "uid": "7b70b97f-92be-4733-b2fb-40aa9034dee4"
              }
            ],
            "spec": [
              {
                "allocate_load_balancer_node_ports": true,
                "cluster_ip": "10.99.41.136",
                "cluster_ips": [
                  "10.99.41.136"
                ],
                "external_ips": [],
                "external_name": "",
                "external_traffic_policy": "Cluster",
                "health_check_node_port": 0,
                "internal_traffic_policy": "Cluster",
                "ip_families": [
                  "IPv4"
                ],
                "ip_family_policy": "SingleStack",
                "load_balancer_class": "",
                "load_balancer_ip": "",
                "load_balancer_source_ranges": [],
                "port": [
                  {
                    "app_protocol": "",
                    "name": "",
                    "node_port": 32190,
                    "port": 80,
                    "protocol": "TCP",
                    "target_port": "80"
                  }
                ],
                "publish_not_ready_addresses": false,
                "selector": {
                  "app.kubernetes.io/name": "app"
                },
                "session_affinity": "None",
                "session_affinity_config": [],
                "type": "NodePort"
              }
            ],
            "status": [
              {
                "load_balancer": [
                  {
                    "ingress": []
                  }
                ]
              }
            ],
            "timeouts": null,
            "wait_for_load_balancer": true
          },
          "sensitive_attributes": [],
          "private": "eyJlMmJmYjczMC1lY2FhLTExZTYtOGY4OC0zNDM2M2JjN2M0YzAiOnsiY3JlYXRlIjo2MDAwMDAwMDAwMDB9LCJzY2hlbWFfdmVyc2lvbiI6IjEifQ==",
          "dependencies": [
            "data.terraform_remote_state.kubernetes_cluster",
            "module.app.kubernetes_namespace_v1.app_namespace"
          ]
        }
      ]
    }
  ],
  "check_results": [
    {
      "object_kind": "var",
      "config_addr": "module.app.var.environment",
      "status": "pass",
      "objects": [
        {
          "object_addr": "module.app.var.environment",
          "status": "pass"
        }
      ]
    },
    {
      "object_kind": "var",
      "config_addr": "module.app.var.service_port",
      "status": "pass",
      "objects": [
        {
          "object_addr": "module.app.var.service_port",
          "status": "pass"
        }
      ]
    },
    {
      "object_kind": "var",
      "config_addr": "module.app.var.app_port",
      "status": "pass",
      "objects": [
        {
          "object_addr": "module.app.var.app_port",
          "status": "pass"
        }
      ]
    }
  ]
}
