{
  "version": 4,
  "terraform_version": "1.7.3",
  "serial": 8,
  "lineage": "036b5b67-e609-ca4d-43bb-032e66a22824",
  "outputs": {
    "app_environment": {
      "value": "stg",
      "type": "string"
    },
    "app_storage_path": {
      "value": "/data",
      "type": "string"
    },
    "app_url": {
      "value": "https://127.0.0.1:63842/app/",
      "type": "string"
    }
  },
  "resources": [
    {
      "mode": "data",
      "type": "terraform_remote_state",
      "name": "kubernetes_cluster",
      "provider": "provider[\"terraform.io/builtin/terraform\"]",
      "instances": [
        {
          "schema_version": 0,
          "attributes": {
            "backend": "local",
            "config": {
              "value": {
                "path": "../cluster/terraform.tfstate"
              },
              "type": [
                "object",
                {
                  "path": "string"
                }
              ]
            },
            "defaults": null,
            "outputs": {
              "value": {
                "client_certificate": "-----BEGIN CERTIFICATE-----\nMIIDITCCAgmgAwIBAgIBAjANBgkqhkiG9w0BAQsFADAVMRMwEQYDVQQDEwptaW5p\na3ViZUNBMB4XDTI0MDIxMzE0NDQxOVoXDTI3MDIxMzE0NDQxOVowMTEXMBUGA1UE\nChMOc3lzdGVtOm1hc3RlcnMxFjAUBgNVBAMTDW1pbmlrdWJlLXVzZXIwggEiMA0G\nCSqGSIb3DQEBAQUAA4IBDwAwggEKAoIBAQC46+ssrdakcY7hRWhdVziVI0ArbSwC\nUr40R0qIQZM2n+F5mJ7hawUwvsfH/+0PC1AuSA8IWEPdKTAoi/fPlnNqdf0PxTH+\ng/tuMKW/xiL6aL3YlwpbbeuqqpVsHOjJ3YtkS/ZrFvTDXywcRy7uoCkdsEp1XfoR\nz7tWBP+77s/YOqr3m10Va99GKvXBDX1sH13IDMOKuWdmhxKshPNnmdW7ijZCrWyO\naOiqCzZB+Dus7OTI5Pe1mc7oZ10VE5x4eRvxhMTrQ8VLcmdVfcAOCpWqMsC6kxnJ\n5FFEdYa4iyAOlwIhGJpqrlOWOr4R7OY6TxsXX+BKffVKv+ErAzhHanm7AgMBAAGj\nYDBeMA4GA1UdDwEB/wQEAwIFoDAdBgNVHSUEFjAUBggrBgEFBQcDAQYIKwYBBQUH\nAwIwDAYDVR0TAQH/BAIwADAfBgNVHSMEGDAWgBTIbWwsZ/LJCiFcMbv5CtA2eHs7\nmDANBgkqhkiG9w0BAQsFAAOCAQEAz4s/FIZIaJ4rytFE/86gqJ4V0qwdUxpQ1sf7\nHtD9dpmcIYAD7VunFSnwgf5KXN4dp673dgXhvsASj5dTPY5mX1kKSFUKQde3P5SQ\nMMlLc0T0aaQndyy1V8HzfyjPX7Ms9bfd4v35KI+l0TGdibHzfEQ6STgsCGKl1dq3\n4YkyH0EzEti3QyJmKTu/EzHtv00e1a3FbKansUvqrOK3JyrufMhL0FpG8a8JhewC\n7tG6IsXothRHJBt9ziameGPVy7cNzdaxuvA6TUG4IGzt9QGQXue8yY3DlileD5mx\nfxHu+kAQJaB6lAnL3Ic6+QDd2jgbRJBjBPJUeCPCTSzgpxPQVA==\n-----END CERTIFICATE-----\n",
                "client_key": "-----BEGIN RSA PRIVATE KEY-----\nMIIEowIBAAKCAQEAuOvrLK3WpHGO4UVoXVc4lSNAK20sAlK+NEdKiEGTNp/heZie\n4WsFML7Hx//tDwtQLkgPCFhD3SkwKIv3z5ZzanX9D8Ux/oP7bjClv8Yi+mi92JcK\nW23rqqqVbBzoyd2LZEv2axb0w18sHEcu7qApHbBKdV36Ec+7VgT/u+7P2Dqq95td\nFWvfRir1wQ19bB9dyAzDirlnZocSrITzZ5nVu4o2Qq1sjmjoqgs2Qfg7rOzkyOT3\ntZnO6GddFROceHkb8YTE60PFS3JnVX3ADgqVqjLAupMZyeRRRHWGuIsgDpcCIRia\naq5Tljq+EezmOk8bF1/gSn31Sr/hKwM4R2p5uwIDAQABAoIBABrQYr6MyoX3zW8O\n4G5Aenztqp1hbDM+CkSMXdtaHt2Z21kFb2xiV1NVJqTykE5RJqQ/YKamHdkQ4uHO\nQfXA7CVwzGwf/PrZ6nh052PieCn1TCn+5MqTKswJhjcyDfNPg6ncdfPbVUyLHVtQ\nWxbQ9IVQjcttABjbFWAIw4hdvZet0vxhj2LvMeannQWhSsWneDoEvU3lMx3ziwSM\n07dtTolu7kwvOtpkl9SLepjmOmDr2kZevi6mNcogZe281zFSo0E33jQ/8zMkVKDR\nwJr1ZGPUlwKQPbLtmWxLO2mHNyC22UfqAR/i+184WuYjuUz0N8pRRO6Ewspl7rAU\n/P/MQnkCgYEA4m+Bjq5l1ZrD1g23mnjdwbojboqmz9gq6f1V5gPODIUT5M7KAr2l\n+kxgxej4CJ6NYYC51hU7DA4X7Zq+KD9gN7QuatH8VX+JfdmKPt3sVKh19L26lN1f\naap8NJbUJ5epVrlRBJdbtIs93WLUhZMvPJ72eC0SBiBEBOtkGhy6q+0CgYEA0RDT\n5/slDICOYejhqVRWYfYEgTCaVivhdAeg1bowNwyq2zAfdYRgtL1s02spiwjRRTVy\nC+c1c7lpswlwcthBsDl7U99pBHFTuxdntRtgFUdtyhkLQ9XGVGkP7jHqPpab7+rU\nWm2gK9jO3OYyAvDzLzETdwt2MIrTHO2nw1Wsl0cCgYB15OylpzOqNXxFVLsFmGyN\nUybjhRk5GimtzpMMwWpkpl0nQmt3ZdqnKWExagzKIBMocudPCZrGugfHVEwxlF26\nYvvP7ijdMxwZBEywUsebhGJ13NrqayAkWfl1QBqRyqsGVlJSe6Ppqp25SJ2yNmHf\nxDw7cevyeJYxoYVq+w5OOQKBgB/zkm9B0se2XgxYqyRV313ZW5bi9rN0wWAaSlpf\nuj6vkO0uzaAIOz9kM92b4x18m38YS/XFwEWPcLgMGUN0CZYFMvP+kO48468URKVJ\nKcYWxJC+gxo68bS02dpthn9KRUrFeO7ZEkGhQPxBsiMA8CmmNnNbLRT+IoWpTJpt\n3ZLBAoGBANg7F4+iu96fqVNVLlvt7InaETeVUFu9PC5b499N1lggHNlxrR3+1oBx\nNl058s+8w5Ys0LGvxZoCKTYMFiVx8QrcPE9zD7awsIuINszaTZUbGTTmKBLtptN4\nAyRO0z8dLjyb2pVne10jEVdEAOHVEywp9lKmruysd2ODt3ynV3r9\n-----END RSA PRIVATE KEY-----\n",
                "cluster_ca_certificate": "-----BEGIN CERTIFICATE-----\nMIIDBjCCAe6gAwIBAgIBATANBgkqhkiG9w0BAQsFADAVMRMwEQYDVQQDEwptaW5p\na3ViZUNBMB4XDTIzMDcxMDE3MjcxMFoXDTMzMDcwODE3MjcxMFowFTETMBEGA1UE\nAxMKbWluaWt1YmVDQTCCASIwDQYJKoZIhvcNAQEBBQADggEPADCCAQoCggEBANqX\nyDP4YcrKIRg/Xp+Ujr7EnjxsxxBMkjzcJDxKieGOQwDqvS/SsXRoC9MUbeyEY5Zn\nepMUdIVr82WQQkQbvsuqzPQJufF651eOhvtFlx2zYZ0fafL8PTJct6j2y73h36ku\nJ9pZeR5kpMWv3Uro/63oPQJuKLtirU6oOjE+VTzrnPbWA5goqdK4ipvMQH2+DJ/W\nsoWwTCVb6AMld/bRr5NDMJMYE8DZV/JGlp4sH8K2LqqCQChG4tkA1oOkh3nutosx\nS+Zvp0KlYmbUmJQRZc2ChQTMb5i1199ROPxiIljGD3DBkUl5036f0CahZSwaOAyf\nR/YdR/jBL7d9L9jT+RUCAwEAAaNhMF8wDgYDVR0PAQH/BAQDAgKkMB0GA1UdJQQW\nMBQGCCsGAQUFBwMCBggrBgEFBQcDATAPBgNVHRMBAf8EBTADAQH/MB0GA1UdDgQW\nBBTIbWwsZ/LJCiFcMbv5CtA2eHs7mDANBgkqhkiG9w0BAQsFAAOCAQEAHs9VCH/8\nyQNfkIBCtk5e/3S37hfuSL/qPDGtO8heOpaH11PZkyIrs3nTCdlS5HIbUzsik9cD\n7mrSVfLJM3Pv/NnQLn6lrGJGtkSJaODyUoWbztjA6bCcYy71kGgLAqlzJZPhxAmU\nxr9eSfNYRdWroBCqI+DtJ6VjY14i7smn7OZNAFD5ykDdR6hDvGitYvXA7QkIX4G9\nJLn2DZmI3ALoc+V8wDiLp6bDMVV4uVtOKy/CV16jwYGRy6h6kJ0YfY4y1YhLSLZJ\nnS7W/wJmIMLRx2vXisY/NTcX/ZTu83rlWbTfKMz3mxj3m/Tu2YQwFSAKYdMkwWtt\nsjo8vIEZ5I15zQ==\n-----END CERTIFICATE-----\n",
                "cluster_host": "https://127.0.0.1:63842",
                "cluster_name": "stg-cluster"
              },
              "type": [
                "object",
                {
                  "client_certificate": "string",
                  "client_key": "string",
                  "cluster_ca_certificate": "string",
                  "cluster_host": "string",
                  "cluster_name": "string"
                }
              ]
            },
            "workspace": null
          },
          "sensitive_attributes": []
        }
      ]
    },
    {
      "mode": "managed",
      "type": "kubernetes_ingress_v1",
      "name": "app_ingress",
      "provider": "provider[\"registry.terraform.io/hashicorp/kubernetes\"]",
      "instances": [
        {
          "schema_version": 0,
          "attributes": {
            "id": "apps/app-ingress",
            "metadata": [
              {
                "annotations": {
                  "nginx.ingress.kubernetes.io/rewrite-target": "/$1"
                },
                "generate_name": "",
                "generation": 1,
                "labels": {},
                "name": "app-ingress",
                "namespace": "apps",
                "resource_version": "1837",
                "uid": "1d29ba81-bc2c-4c19-ace7-8fe794043e7b"
              }
            ],
            "spec": [
              {
                "default_backend": [],
                "ingress_class_name": "nginx",
                "rule": [
                  {
                    "host": "stg.one2n.local",
                    "http": [
                      {
                        "path": [
                          {
                            "backend": [
                              {
                                "resource": [],
                                "service": [
                                  {
                                    "name": "app-service",
                                    "port": [
                                      {
                                        "name": "",
                                        "number": 80
                                      }
                                    ]
                                  }
                                ]
                              }
                            ],
                            "path": "/app/",
                            "path_type": "ImplementationSpecific"
                          }
                        ]
                      }
                    ]
                  }
                ],
                "tls": []
              }
            ],
            "status": [
              {
                "load_balancer": [
                  {
                    "ingress": []
                  }
                ]
              }
            ],
            "timeouts": null,
            "wait_for_load_balancer": null
          },
          "sensitive_attributes": [],
          "private": "eyJlMmJmYjczMC1lY2FhLTExZTYtOGY4OC0zNDM2M2JjN2M0YzAiOnsiY3JlYXRlIjoxMjAwMDAwMDAwMDAwLCJkZWxldGUiOjEyMDAwMDAwMDAwMDB9fQ==",
          "dependencies": [
            "data.terraform_remote_state.kubernetes_cluster",
            "kubernetes_namespace_v1.apps",
            "kubernetes_service_v1.app_service"
          ]
        }
      ]
    },
    {
      "mode": "managed",
      "type": "kubernetes_namespace_v1",
      "name": "apps",
      "provider": "provider[\"registry.terraform.io/hashicorp/kubernetes\"]",
      "instances": [
        {
          "schema_version": 0,
          "attributes": {
            "id": "apps",
            "metadata": [
              {
                "annotations": {},
                "generate_name": "",
                "generation": 0,
                "labels": {
                  "environment": "stg"
                },
                "name": "apps",
                "resource_version": "678",
                "uid": "b0720fe3-2ddf-4d94-846f-a18a36c23be8"
              }
            ],
            "timeouts": null,
            "wait_for_default_service_account": false
          },
          "sensitive_attributes": [],
          "private": "eyJlMmJmYjczMC1lY2FhLTExZTYtOGY4OC0zNDM2M2JjN2M0YzAiOnsiZGVsZXRlIjozMDAwMDAwMDAwMDB9fQ==",
          "dependencies": [
            "data.terraform_remote_state.kubernetes_cluster"
          ]
        }
      ]
    },
    {
      "mode": "managed",
      "type": "kubernetes_persistent_volume_claim_v1",
      "name": "app_data_claim",
      "provider": "provider[\"registry.terraform.io/hashicorp/kubernetes\"]",
      "instances": [
        {
          "schema_version": 0,
          "attributes": {
            "id": "apps/app-volume-claim",
            "metadata": [
              {
                "annotations": {},
                "generate_name": "",
                "generation": 0,
                "labels": {},
                "name": "app-volume-claim",
                "namespace": "apps",
                "resource_version": "707",
                "uid": "3a9d3b5e-1229-443a-a072-33ab0191d570"
              }
            ],
            "spec": [
              {
                "access_modes": [
                  "ReadWriteOnce"
                ],
                "resources": [
                  {
                    "limits": {},
                    "requests": {
                      "storage": "5Gi"
                    }
                  }
                ],
                "selector": [],
                "storage_class_name": "standard",
                "volume_mode": "Filesystem",
                "volume_name": "app-storage"
              }
            ],
            "timeouts": null,
            "wait_until_bound": true
          },
          "sensitive_attributes": [],
          "private": "eyJlMmJmYjczMC1lY2FhLTExZTYtOGY4OC0zNDM2M2JjN2M0YzAiOnsiY3JlYXRlIjozMDAwMDAwMDAwMDB9fQ==",
          "dependencies": [
            "data.terraform_remote_state.kubernetes_cluster",
            "kubernetes_namespace_v1.apps",
            "kubernetes_persistent_volume_v1.app_data"
          ]
        }
      ]
    },
    {
      "mode": "managed",
      "type": "kubernetes_persistent_volume_v1",
      "name": "app_data",
      "provider": "provider[\"registry.terraform.io/hashicorp/kubernetes\"]",
      "instances": [
        {
          "schema_version": 0,
          "attributes": {
            "id": "app-storage",
            "metadata": [
              {
                "annotations": {},
                "generation": 0,
                "labels": {},
                "name": "app-storage",
                "resource_version": "694",
                "uid": "bcd7a6d5-97bb-4cb1-bb83-ca5ccdaa8c9a"
              }
            ],
            "spec": [
              {
                "access_modes": [
                  "ReadWriteOnce"
                ],
                "capacity": {
                  "storage": "10Gi"
                },
                "claim_ref": [
                  {
                    "name": "app-volume-claim",
                    "namespace": "apps"
                  }
                ],
                "mount_options": [],
                "node_affinity": [],
                "persistent_volume_reclaim_policy": "Retain",
                "persistent_volume_source": [
                  {
                    "aws_elastic_block_store": [],
                    "azure_disk": [],
                    "azure_file": [],
                    "ceph_fs": [],
                    "cinder": [],
                    "csi": [],
                    "fc": [],
                    "flex_volume": [],
                    "flocker": [],
                    "gce_persistent_disk": [],
                    "glusterfs": [],
                    "host_path": [
                      {
                        "path": "/data",
                        "type": "DirectoryOrCreate"
                      }
                    ],
                    "iscsi": [],
                    "local": [],
                    "nfs": [],
                    "photon_persistent_disk": [],
                    "quobyte": [],
                    "rbd": [],
                    "vsphere_volume": []
                  }
                ],
                "storage_class_name": "standard",
                "volume_mode": "Filesystem"
              }
            ],
            "timeouts": null
          },
          "sensitive_attributes": [],
          "private": "eyJlMmJmYjczMC1lY2FhLTExZTYtOGY4OC0zNDM2M2JjN2M0YzAiOnsiY3JlYXRlIjozMDAwMDAwMDAwMDB9fQ==",
          "dependencies": [
            "data.terraform_remote_state.kubernetes_cluster"
          ]
        }
      ]
    },
    {
      "mode": "managed",
      "type": "kubernetes_pod_v1",
      "name": "app",
      "provider": "provider[\"registry.terraform.io/hashicorp/kubernetes\"]",
      "instances": [
        {
          "schema_version": 1,
          "attributes": {
            "id": "apps/app",
            "metadata": [
              {
                "annotations": {},
                "generate_name": "",
                "generation": 0,
                "labels": {
                  "app.kubernetes.io/name": "app",
                  "environment": "stg"
                },
                "name": "app",
                "namespace": "apps",
                "resource_version": "2067",
                "uid": "34e07986-9e96-4120-9ad7-14257b7d30c4"
              }
            ],
            "spec": [
              {
                "active_deadline_seconds": 0,
                "affinity": [],
                "automount_service_account_token": true,
                "container": [
                  {
                    "args": [],
                    "command": [],
                    "env": [],
                    "env_from": [],
                    "image": "nginx:latest",
                    "image_pull_policy": "Always",
                    "lifecycle": [],
                    "liveness_probe": [
                      {
                        "exec": [],
                        "failure_threshold": 3,
                        "grpc": [],
                        "http_get": [
                          {
                            "host": "",
                            "http_header": [],
                            "path": "/",
                            "port": "80",
                            "scheme": "HTTP"
                          }
                        ],
                        "initial_delay_seconds": 0,
                        "period_seconds": 10,
                        "success_threshold": 1,
                        "tcp_socket": [],
                        "timeout_seconds": 1
                      }
                    ],
                    "name": "app",
                    "port": [],
                    "readiness_probe": [],
                    "resources": [
                      {
                        "limits": {
                          "cpu": "500m",
                          "memory": "128Mi"
                        },
                        "requests": {
                          "cpu": "250m",
                          "memory": "50Mi"
                        }
                      }
                    ],
                    "security_context": [],
                    "startup_probe": [],
                    "stdin": false,
                    "stdin_once": false,
                    "termination_message_path": "/dev/termination-log",
                    "termination_message_policy": "File",
                    "tty": false,
                    "volume_mount": [],
                    "working_dir": ""
                  }
                ],
                "dns_config": [],
                "dns_policy": "ClusterFirst",
                "enable_service_links": true,
                "host_aliases": [],
                "host_ipc": false,
                "host_network": false,
                "host_pid": false,
                "hostname": "",
                "image_pull_secrets": [],
                "init_container": [],
                "node_name": "stg-cluster",
                "node_selector": {},
                "os": [],
                "priority_class_name": "",
                "readiness_gate": [],
                "restart_policy": "Always",
                "runtime_class_name": "",
                "scheduler_name": "default-scheduler",
                "security_context": [],
                "service_account_name": "default",
                "share_process_namespace": false,
                "subdomain": "",
                "termination_grace_period_seconds": 30,
                "toleration": [],
                "topology_spread_constraint": [],
                "volume": []
              }
            ],
            "target_state": null,
            "timeouts": null
          },
          "sensitive_attributes": [],
          "private": "eyJlMmJmYjczMC1lY2FhLTExZTYtOGY4OC0zNDM2M2JjN2M0YzAiOnsiY3JlYXRlIjozMDAwMDAwMDAwMDAsImRlbGV0ZSI6MzAwMDAwMDAwMDAwfSwic2NoZW1hX3ZlcnNpb24iOiIxIn0=",
          "dependencies": [
            "data.terraform_remote_state.kubernetes_cluster",
            "kubernetes_namespace_v1.apps"
          ]
        }
      ]
    },
    {
      "mode": "managed",
      "type": "kubernetes_service_v1",
      "name": "app_service",
      "provider": "provider[\"registry.terraform.io/hashicorp/kubernetes\"]",
      "instances": [
        {
          "schema_version": 1,
          "attributes": {
            "id": "apps/app-service",
            "metadata": [
              {
                "annotations": {},
                "generate_name": "",
                "generation": 0,
                "labels": {},
                "name": "app-service",
                "namespace": "apps",
                "resource_version": "687",
                "uid": "5590cef9-73f3-488e-9653-7ce607d26ff8"
              }
            ],
            "spec": [
              {
                "allocate_load_balancer_node_ports": true,
                "cluster_ip": "10.106.148.156",
                "cluster_ips": [
                  "10.106.148.156"
                ],
                "external_ips": [],
                "external_name": "",
                "external_traffic_policy": "Cluster",
                "health_check_node_port": 0,
                "internal_traffic_policy": "Cluster",
                "ip_families": [
                  "IPv4"
                ],
                "ip_family_policy": "SingleStack",
                "load_balancer_class": "",
                "load_balancer_ip": "",
                "load_balancer_source_ranges": [],
                "port": [
                  {
                    "app_protocol": "",
                    "name": "",
                    "node_port": 30095,
                    "port": 80,
                    "protocol": "TCP",
                    "target_port": "80"
                  }
                ],
                "publish_not_ready_addresses": false,
                "selector": {
                  "app.kubernetes.io/name": "app"
                },
                "session_affinity": "None",
                "session_affinity_config": [],
                "type": "NodePort"
              }
            ],
            "status": [
              {
                "load_balancer": [
                  {
                    "ingress": []
                  }
                ]
              }
            ],
            "timeouts": null,
            "wait_for_load_balancer": true
          },
          "sensitive_attributes": [],
          "private": "eyJlMmJmYjczMC1lY2FhLTExZTYtOGY4OC0zNDM2M2JjN2M0YzAiOnsiY3JlYXRlIjo2MDAwMDAwMDAwMDB9LCJzY2hlbWFfdmVyc2lvbiI6IjEifQ==",
          "dependencies": [
            "data.terraform_remote_state.kubernetes_cluster",
            "kubernetes_namespace_v1.apps"
          ]
        }
      ]
    }
  ],
  "check_results": [
    {
      "object_kind": "var",
      "config_addr": "var.environment",
      "status": "pass",
      "objects": [
        {
          "object_addr": "var.environment",
          "status": "pass"
        }
      ]
    }
  ]
}
