{
  "version": 4,
  "terraform_version": "1.7.3",
  "serial": 86,
  "lineage": "cce067fd-409b-98e1-a4d0-0e6beb89b452",
  "outputs": {
    "app_environment": {
      "value": "dev",
      "type": "string"
    },
    "app_storage_path": {
      "value": "/data",
      "type": "string"
    },
    "app_url": {
      "value": "https://127.0.0.1:62334/app/",
      "type": "string"
    }
  },
  "resources": [
    {
      "mode": "data",
      "type": "terraform_remote_state",
      "name": "kubernetes_cluster",
      "provider": "provider[\"terraform.io/builtin/terraform\"]",
      "instances": [
        {
          "schema_version": 0,
          "attributes": {
            "backend": "local",
            "config": {
              "value": {
                "path": "../cluster/terraform.tfstate"
              },
              "type": [
                "object",
                {
                  "path": "string"
                }
              ]
            },
            "defaults": null,
            "outputs": {
              "value": {
                "client_certificate": "-----BEGIN CERTIFICATE-----\nMIIDITCCAgmgAwIBAgIBAjANBgkqhkiG9w0BAQsFADAVMRMwEQYDVQQDEwptaW5p\na3ViZUNBMB4XDTI0MDIxMzExMjIyMFoXDTI3MDIxMzExMjIyMFowMTEXMBUGA1UE\nChMOc3lzdGVtOm1hc3RlcnMxFjAUBgNVBAMTDW1pbmlrdWJlLXVzZXIwggEiMA0G\nCSqGSIb3DQEBAQUAA4IBDwAwggEKAoIBAQC9niAmH/9rr6aZWB7DyTVZFzeP6pz6\nTqOET4Z7tXuoLk/E1Ub58F1u8SDFyxxmMzxzVrN8bpXomJEX9EhYakRqdS9psbv/\neyTnyE8nu8Vk0lHB6EP9tIZCeCLUTzaN/kjK0JoHplltv5QE9BfgxPj+Z7evoHhz\nYII2hh812nkOB2ytnffISnfufYD3C846nB5wcsF8vxCiuV5H9itHWuQKvYZ6yAyd\nMxUB5SDPSt5sGjFJCKjKYXcVAALDZkFwGoL27xHJ9lxW+re7rT4faUFmQqbFs8i4\nK2ZLyTVt8BEUXVavrv6tDnaYHiUtx3iGFjUrxlUJIQczugBYQDMwr+iJAgMBAAGj\nYDBeMA4GA1UdDwEB/wQEAwIFoDAdBgNVHSUEFjAUBggrBgEFBQcDAQYIKwYBBQUH\nAwIwDAYDVR0TAQH/BAIwADAfBgNVHSMEGDAWgBTIbWwsZ/LJCiFcMbv5CtA2eHs7\nmDANBgkqhkiG9w0BAQsFAAOCAQEAPAMkgXvn/LaiDLPU/ZAx64Sd5lMIHLsVOaJy\na+yxXIR3GiZnOEPym8WR/IySoM3nAaS1wdLuNAHfN3UaSprshxp7cIfD07hpV/tB\nMJLA/GjQ7CWrJQjTK0OSheG9T13GPvs4o245IrgWH4hQfvkt0Zev/nqZurJW09MH\nkRYRuWXtoiJN7Kptzn4fOU3an9KWFg29bWVKdu+fApCHeYfbw8ZcTSk6WB/aqupR\nY5OYWKpjEziewmL7V+nOOPCh4hFDqOganww08C/Gi6rgRWJCnk82Z13CSOkKaYhe\n9Q8eov+3J8Q6XYX/9h350jjiNrtSVVuiSoBlbmwUuQ64vH3P6w==\n-----END CERTIFICATE-----\n",
                "client_key": "-----BEGIN RSA PRIVATE KEY-----\nMIIEpAIBAAKCAQEAvZ4gJh//a6+mmVgew8k1WRc3j+qc+k6jhE+Ge7V7qC5PxNVG\n+fBdbvEgxcscZjM8c1azfG6V6JiRF/RIWGpEanUvabG7/3sk58hPJ7vFZNJRwehD\n/bSGQngi1E82jf5IytCaB6ZZbb+UBPQX4MT4/me3r6B4c2CCNoYfNdp5DgdsrZ33\nyEp37n2A9wvOOpwecHLBfL8QorleR/YrR1rkCr2GesgMnTMVAeUgz0rebBoxSQio\nymF3FQACw2ZBcBqC9u8RyfZcVvq3u60+H2lBZkKmxbPIuCtmS8k1bfARFF1Wr67+\nrQ52mB4lLcd4hhY1K8ZVCSEHM7oAWEAzMK/oiQIDAQABAoIBAEQjFC5fBSuvHNCx\np6x3GyJ+g0rF5c7Uf1HGOe8uUdcnfSaf9TdPNmPtZfdtezEGbEyN9UVbf6brXAgd\nkfmjhh4zKexzH7k4iRR5GGiQwuft488oJXZ/bldoUCu2o0X3ADVRLGhfUHdthkUZ\naZMtdMQGhS0pHt9m6KOrIn/5l9KAHgLtWdMXg1x/tP+tY6rk4jNMl0fz2+5a28j4\nmY4CbZhzHOOW6SR4x/ARX85/rpZ9ixvjZgrE9owK9kX0f8/qV0rpd+FY8k75phly\nc0bSdz0B6NdSRLyocGgVsrIdbj3NmHTsd3jjHOSN2qscJ5N6k+sqfhYEojomQ+oG\n2BmEqdkCgYEA5eFF48AG4JjGkuf6Nw5tOef8Kg2MgdHgxMQdWR0Av0cSVFJW+JSY\nnE6XzRu3VuNoz8lMdjZ4/BEzQYE9qAxbRTck12DemSJu6YVTBYlxgycvKgSd/NQ5\nNmDp5dREFgQQIWZoORjP0MPBGeIg4mDOo9dDmuvv48PNmIaq/e/mCD8CgYEA0ym0\n7QCeT7K7i2Idckv79qQspOhprCnumZqVdjHJqEmmkoGgGJWNDYenVgHkkWcJU9R/\naRow81ypGKWuLaMIieTqTyoOhr6UfX92G1ojrlZ0+brPyjTPSAXDx0PABaNb/Tt7\njfkB/iqwUg1J5bMo1R8LjRU6F9GqYKQXrJtrHTcCgYBkRPChON9HFBx5c6oWXbqS\n6Xd6OFKzRYKPESPj/NyYkj2Sfh/laZtvgnCATLiZs7PB/oHVhkkbWb1Lsz3bkRg2\nhqkRMPWnQfey8C6YWa0jkfHmmAD5iPAzoe4kC4RvPfJzPyHy1bm/y8LssU+6rpMz\nr++TIZqPdJa3EvZ+sSdbLQKBgQCU1E13ybrK829p4wJcH5/8C2SH6mMoe/l2e9Si\nFJ9MJHTpx8D98tIS2iyf2v+tV9DkK96NRm9/5ywregLUmZcYEabvmvXYFJT2CxNE\nXfjOFJOnu/peS3BZE+8UD/VUQ/o+9mC0BPBZot7ZRhJyeh7qb1Il4vMp/JW4PY+O\nEZCiawKBgQC/9X2Ow4oef2kwTzVCS3D/RCOmUdFzcuqVXXvJfUv1ExbBMsF6ugRS\n+9qF/X+0oPmQTyBy9pm1fBfC4rcxJZ++qKXYEwLdnbpbBPyS1y9PzqDin2RzLrzh\nKRKX0cu2w5XU7IsC0CaFeFlVW5cqZyJd2uICJA+77Ihl2MyRJHq39g==\n-----END RSA PRIVATE KEY-----\n",
                "cluster_ca_certificate": "-----BEGIN CERTIFICATE-----\nMIIDBjCCAe6gAwIBAgIBATANBgkqhkiG9w0BAQsFADAVMRMwEQYDVQQDEwptaW5p\na3ViZUNBMB4XDTIzMDcxMDE3MjcxMFoXDTMzMDcwODE3MjcxMFowFTETMBEGA1UE\nAxMKbWluaWt1YmVDQTCCASIwDQYJKoZIhvcNAQEBBQADggEPADCCAQoCggEBANqX\nyDP4YcrKIRg/Xp+Ujr7EnjxsxxBMkjzcJDxKieGOQwDqvS/SsXRoC9MUbeyEY5Zn\nepMUdIVr82WQQkQbvsuqzPQJufF651eOhvtFlx2zYZ0fafL8PTJct6j2y73h36ku\nJ9pZeR5kpMWv3Uro/63oPQJuKLtirU6oOjE+VTzrnPbWA5goqdK4ipvMQH2+DJ/W\nsoWwTCVb6AMld/bRr5NDMJMYE8DZV/JGlp4sH8K2LqqCQChG4tkA1oOkh3nutosx\nS+Zvp0KlYmbUmJQRZc2ChQTMb5i1199ROPxiIljGD3DBkUl5036f0CahZSwaOAyf\nR/YdR/jBL7d9L9jT+RUCAwEAAaNhMF8wDgYDVR0PAQH/BAQDAgKkMB0GA1UdJQQW\nMBQGCCsGAQUFBwMCBggrBgEFBQcDATAPBgNVHRMBAf8EBTADAQH/MB0GA1UdDgQW\nBBTIbWwsZ/LJCiFcMbv5CtA2eHs7mDANBgkqhkiG9w0BAQsFAAOCAQEAHs9VCH/8\nyQNfkIBCtk5e/3S37hfuSL/qPDGtO8heOpaH11PZkyIrs3nTCdlS5HIbUzsik9cD\n7mrSVfLJM3Pv/NnQLn6lrGJGtkSJaODyUoWbztjA6bCcYy71kGgLAqlzJZPhxAmU\nxr9eSfNYRdWroBCqI+DtJ6VjY14i7smn7OZNAFD5ykDdR6hDvGitYvXA7QkIX4G9\nJLn2DZmI3ALoc+V8wDiLp6bDMVV4uVtOKy/CV16jwYGRy6h6kJ0YfY4y1YhLSLZJ\nnS7W/wJmIMLRx2vXisY/NTcX/ZTu83rlWbTfKMz3mxj3m/Tu2YQwFSAKYdMkwWtt\nsjo8vIEZ5I15zQ==\n-----END CERTIFICATE-----\n",
                "cluster_host": "https://127.0.0.1:62334",
                "cluster_name": "dev-cluster"
              },
              "type": [
                "object",
                {
                  "client_certificate": "string",
                  "client_key": "string",
                  "cluster_ca_certificate": "string",
                  "cluster_host": "string",
                  "cluster_name": "string"
                }
              ]
            },
            "workspace": null
          },
          "sensitive_attributes": []
        }
      ]
    },
    {
      "mode": "managed",
      "type": "kubernetes_ingress_v1",
      "name": "app_ingress",
      "provider": "provider[\"registry.terraform.io/hashicorp/kubernetes\"]",
      "instances": [
        {
          "schema_version": 0,
          "attributes": {
            "id": "default/app-ingress",
            "metadata": [
              {
                "annotations": {
                  "nginx.ingress.kubernetes.io/rewrite-target": "/$1"
                },
                "generate_name": "",
                "generation": 3,
                "labels": {},
                "name": "app-ingress",
                "namespace": "default",
                "resource_version": "8462",
                "uid": "be4233dc-d67e-4131-adfd-3293eb4f4292"
              }
            ],
            "spec": [
              {
                "default_backend": [],
                "ingress_class_name": "app-ingress-controller",
                "rule": [
                  {
                    "host": "dev.one2n.local",
                    "http": [
                      {
                        "path": [
                          {
                            "backend": [
                              {
                                "resource": [],
                                "service": [
                                  {
                                    "name": "app-service",
                                    "port": [
                                      {
                                        "name": "",
                                        "number": 80
                                      }
                                    ]
                                  }
                                ]
                              }
                            ],
                            "path": "/app/",
                            "path_type": "ImplementationSpecific"
                          }
                        ]
                      }
                    ]
                  }
                ],
                "tls": []
              }
            ],
            "status": [
              {
                "load_balancer": [
                  {
                    "ingress": []
                  }
                ]
              }
            ],
            "timeouts": null,
            "wait_for_load_balancer": null
          },
          "sensitive_attributes": [],
          "private": "eyJlMmJmYjczMC1lY2FhLTExZTYtOGY4OC0zNDM2M2JjN2M0YzAiOnsiY3JlYXRlIjoxMjAwMDAwMDAwMDAwLCJkZWxldGUiOjEyMDAwMDAwMDAwMDB9fQ==",
          "dependencies": [
            "data.terraform_remote_state.kubernetes_cluster",
            "kubernetes_namespace_v1.apps",
            "kubernetes_service_v1.app_service"
          ]
        }
      ]
    },
    {
      "mode": "managed",
      "type": "kubernetes_namespace_v1",
      "name": "apps",
      "provider": "provider[\"registry.terraform.io/hashicorp/kubernetes\"]",
      "instances": [
        {
          "schema_version": 0,
          "attributes": {
            "id": "apps",
            "metadata": [
              {
                "annotations": {},
                "generate_name": "",
                "generation": 0,
                "labels": {
                  "environment": "dev"
                },
                "name": "apps",
                "resource_version": "5676",
                "uid": "80d846a4-da3d-4883-ad33-0bb1ac34042e"
              }
            ],
            "timeouts": null,
            "wait_for_default_service_account": false
          },
          "sensitive_attributes": [],
          "private": "eyJlMmJmYjczMC1lY2FhLTExZTYtOGY4OC0zNDM2M2JjN2M0YzAiOnsiZGVsZXRlIjozMDAwMDAwMDAwMDB9fQ==",
          "dependencies": [
            "data.terraform_remote_state.kubernetes_cluster"
          ]
        }
      ]
    },
    {
      "mode": "managed",
      "type": "kubernetes_persistent_volume_claim_v1",
      "name": "app_data_claim",
      "provider": "provider[\"registry.terraform.io/hashicorp/kubernetes\"]",
      "instances": [
        {
          "schema_version": 0,
          "attributes": {
            "id": "apps/app-volume-claim",
            "metadata": [
              {
                "annotations": {},
                "generate_name": "",
                "generation": 0,
                "labels": {},
                "name": "app-volume-claim",
                "namespace": "apps",
                "resource_version": "5698",
                "uid": "2b490704-a3f4-4de2-b0d6-490677a344b5"
              }
            ],
            "spec": [
              {
                "access_modes": [
                  "ReadWriteOnce"
                ],
                "resources": [
                  {
                    "limits": {},
                    "requests": {
                      "storage": "5Gi"
                    }
                  }
                ],
                "selector": [],
                "storage_class_name": "standard",
                "volume_mode": "Filesystem",
                "volume_name": "app-storage"
              }
            ],
            "timeouts": null,
            "wait_until_bound": true
          },
          "sensitive_attributes": [],
          "private": "eyJlMmJmYjczMC1lY2FhLTExZTYtOGY4OC0zNDM2M2JjN2M0YzAiOnsiY3JlYXRlIjozMDAwMDAwMDAwMDB9fQ==",
          "dependencies": [
            "data.terraform_remote_state.kubernetes_cluster",
            "kubernetes_namespace_v1.apps",
            "kubernetes_persistent_volume_v1.app_data"
          ]
        }
      ]
    },
    {
      "mode": "managed",
      "type": "kubernetes_persistent_volume_v1",
      "name": "app_data",
      "provider": "provider[\"registry.terraform.io/hashicorp/kubernetes\"]",
      "instances": [
        {
          "schema_version": 0,
          "attributes": {
            "id": "app-storage",
            "metadata": [
              {
                "annotations": {},
                "generation": 0,
                "labels": {},
                "name": "app-storage",
                "resource_version": "5696",
                "uid": "a948a04b-67d3-4e66-8111-a20148486c46"
              }
            ],
            "spec": [
              {
                "access_modes": [
                  "ReadWriteOnce"
                ],
                "capacity": {
                  "storage": "10Gi"
                },
                "claim_ref": [
                  {
                    "name": "app-volume-claim",
                    "namespace": "apps"
                  }
                ],
                "mount_options": [],
                "node_affinity": [],
                "persistent_volume_reclaim_policy": "Retain",
                "persistent_volume_source": [
                  {
                    "aws_elastic_block_store": [],
                    "azure_disk": [],
                    "azure_file": [],
                    "ceph_fs": [],
                    "cinder": [],
                    "csi": [],
                    "fc": [],
                    "flex_volume": [],
                    "flocker": [],
                    "gce_persistent_disk": [],
                    "glusterfs": [],
                    "host_path": [
                      {
                        "path": "/data",
                        "type": "DirectoryOrCreate"
                      }
                    ],
                    "iscsi": [],
                    "local": [],
                    "nfs": [],
                    "photon_persistent_disk": [],
                    "quobyte": [],
                    "rbd": [],
                    "vsphere_volume": []
                  }
                ],
                "storage_class_name": "standard",
                "volume_mode": "Filesystem"
              }
            ],
            "timeouts": null
          },
          "sensitive_attributes": [],
          "private": "eyJlMmJmYjczMC1lY2FhLTExZTYtOGY4OC0zNDM2M2JjN2M0YzAiOnsiY3JlYXRlIjozMDAwMDAwMDAwMDB9fQ==",
          "dependencies": [
            "data.terraform_remote_state.kubernetes_cluster"
          ]
        }
      ]
    },
    {
      "mode": "managed",
      "type": "kubernetes_pod_v1",
      "name": "app",
      "provider": "provider[\"registry.terraform.io/hashicorp/kubernetes\"]",
      "instances": [
        {
          "schema_version": 1,
          "attributes": {
            "id": "apps/app",
            "metadata": [
              {
                "annotations": {},
                "generate_name": "",
                "generation": 0,
                "labels": {
                  "app.kubernetes.io/name": "app",
                  "environment": "dev"
                },
                "name": "app",
                "namespace": "apps",
                "resource_version": "8598",
                "uid": "1f03ba47-fd4f-4e8b-b6de-d7e0dee42956"
              }
            ],
            "spec": [
              {
                "active_deadline_seconds": 0,
                "affinity": [],
                "automount_service_account_token": true,
                "container": [
                  {
                    "args": [],
                    "command": [],
                    "env": [],
                    "env_from": [],
                    "image": "nginx:latest",
                    "image_pull_policy": "Always",
                    "lifecycle": [],
                    "liveness_probe": [
                      {
                        "exec": [],
                        "failure_threshold": 3,
                        "grpc": [],
                        "http_get": [
                          {
                            "host": "",
                            "http_header": [],
                            "path": "/",
                            "port": "80",
                            "scheme": "HTTP"
                          }
                        ],
                        "initial_delay_seconds": 0,
                        "period_seconds": 10,
                        "success_threshold": 1,
                        "tcp_socket": [],
                        "timeout_seconds": 1
                      }
                    ],
                    "name": "app",
                    "port": [],
                    "readiness_probe": [],
                    "resources": [
                      {
                        "limits": {
                          "cpu": "500m",
                          "memory": "128Mi"
                        },
                        "requests": {
                          "cpu": "250m",
                          "memory": "50Mi"
                        }
                      }
                    ],
                    "security_context": [],
                    "startup_probe": [],
                    "stdin": false,
                    "stdin_once": false,
                    "termination_message_path": "/dev/termination-log",
                    "termination_message_policy": "File",
                    "tty": false,
                    "volume_mount": [],
                    "working_dir": ""
                  }
                ],
                "dns_config": [],
                "dns_policy": "ClusterFirst",
                "enable_service_links": true,
                "host_aliases": [],
                "host_ipc": false,
                "host_network": false,
                "host_pid": false,
                "hostname": "",
                "image_pull_secrets": [],
                "init_container": [],
                "node_name": "dev-cluster",
                "node_selector": {},
                "os": [],
                "priority_class_name": "",
                "readiness_gate": [],
                "restart_policy": "Always",
                "runtime_class_name": "",
                "scheduler_name": "default-scheduler",
                "security_context": [],
                "service_account_name": "default",
                "share_process_namespace": false,
                "subdomain": "",
                "termination_grace_period_seconds": 30,
                "toleration": [],
                "topology_spread_constraint": [],
                "volume": []
              }
            ],
            "target_state": null,
            "timeouts": null
          },
          "sensitive_attributes": [],
          "private": "eyJlMmJmYjczMC1lY2FhLTExZTYtOGY4OC0zNDM2M2JjN2M0YzAiOnsiY3JlYXRlIjozMDAwMDAwMDAwMDAsImRlbGV0ZSI6MzAwMDAwMDAwMDAwfSwic2NoZW1hX3ZlcnNpb24iOiIxIn0=",
          "dependencies": [
            "data.terraform_remote_state.kubernetes_cluster",
            "kubernetes_namespace_v1.apps"
          ]
        }
      ]
    },
    {
      "mode": "managed",
      "type": "kubernetes_service_v1",
      "name": "app_service",
      "provider": "provider[\"registry.terraform.io/hashicorp/kubernetes\"]",
      "instances": [
        {
          "schema_version": 1,
          "attributes": {
            "id": "apps/app-service",
            "metadata": [
              {
                "annotations": {},
                "generate_name": "",
                "generation": 0,
                "labels": {},
                "name": "app-service",
                "namespace": "apps",
                "resource_version": "8782",
                "uid": "9f088834-1876-45d4-ba80-f00759e4c471"
              }
            ],
            "spec": [
              {
                "allocate_load_balancer_node_ports": true,
                "cluster_ip": "10.105.21.235",
                "cluster_ips": [
                  "10.105.21.235"
                ],
                "external_ips": [],
                "external_name": "",
                "external_traffic_policy": "Cluster",
                "health_check_node_port": 0,
                "internal_traffic_policy": "Cluster",
                "ip_families": [
                  "IPv4"
                ],
                "ip_family_policy": "SingleStack",
                "load_balancer_class": "",
                "load_balancer_ip": "",
                "load_balancer_source_ranges": [],
                "port": [
                  {
                    "app_protocol": "",
                    "name": "",
                    "node_port": 32233,
                    "port": 80,
                    "protocol": "TCP",
                    "target_port": "80"
                  }
                ],
                "publish_not_ready_addresses": false,
                "selector": {
                  "app.kubernetes.io/name": "app"
                },
                "session_affinity": "None",
                "session_affinity_config": [],
                "type": "LoadBalancer"
              }
            ],
            "status": [
              {
                "load_balancer": [
                  {
                    "ingress": []
                  }
                ]
              }
            ],
            "timeouts": null,
            "wait_for_load_balancer": true
          },
          "sensitive_attributes": [],
          "private": "eyJlMmJmYjczMC1lY2FhLTExZTYtOGY4OC0zNDM2M2JjN2M0YzAiOnsiY3JlYXRlIjo2MDAwMDAwMDAwMDB9LCJzY2hlbWFfdmVyc2lvbiI6IjEifQ==",
          "dependencies": [
            "data.terraform_remote_state.kubernetes_cluster",
            "kubernetes_namespace_v1.apps"
          ]
        }
      ]
    }
  ],
  "check_results": [
    {
      "object_kind": "var",
      "config_addr": "var.environment",
      "status": "pass",
      "objects": [
        {
          "object_addr": "var.environment",
          "status": "pass"
        }
      ]
    }
  ]
}
