{
  "version": 4,
  "terraform_version": "1.7.3",
  "serial": 8,
  "lineage": "dcdd3c66-ecd9-50ed-456c-3ea8ca42f187",
  "outputs": {
    "app_environment": {
      "value": "dev",
      "type": "string"
    },
    "app_path": {
      "value": "",
      "type": "string"
    },
    "app_storage_path": {
      "value": "/data",
      "type": "string"
    }
  },
  "resources": [
    {
      "mode": "data",
      "type": "terraform_remote_state",
      "name": "kubernetes_cluster",
      "provider": "provider[\"terraform.io/builtin/terraform\"]",
      "instances": [
        {
          "schema_version": 0,
          "attributes": {
            "backend": "local",
            "config": {
              "value": {
                "path": "../cluster/terraform.tfstate"
              },
              "type": [
                "object",
                {
                  "path": "string"
                }
              ]
            },
            "defaults": null,
            "outputs": {
              "value": {
                "client_certificate": "-----BEGIN CERTIFICATE-----\nMIIDITCCAgmgAwIBAgIBAjANBgkqhkiG9w0BAQsFADAVMRMwEQYDVQQDEwptaW5p\na3ViZUNBMB4XDTI0MDIxNDEwMDgwN1oXDTI3MDIxNDEwMDgwN1owMTEXMBUGA1UE\nChMOc3lzdGVtOm1hc3RlcnMxFjAUBgNVBAMTDW1pbmlrdWJlLXVzZXIwggEiMA0G\nCSqGSIb3DQEBAQUAA4IBDwAwggEKAoIBAQC6CMKUkPJh/lNmMtSAa4nEVdr3u+/f\nqIddNtF5xt8AXNEljMvIywDh4gjbMcn/ofn0aX/9EnX4kKsrmzBWjJrFr6A5dwSz\nmWRA64pKAAPzFFvd2xs16Y7kVeKor7p2SdKoY7ShBNXPx2y0uo5/N9G7eFW48nK3\nfWYWR/hXNwIvgIloPIlIh7kATaxuHbbZeowpqjyITmbvBh8VfkzgfktGaEO6iKyN\neRdZF1rEL2Ijte+dqfFYx43r8O2jJwdmqQ+DTLXt6217qz1zx2kvJnEzmLI2NKHE\nQ4Z+qr3nLRk7g45qiul6uHGG3aW258iokO0Lv2/eZYNZMJRh1XWXsyifAgMBAAGj\nYDBeMA4GA1UdDwEB/wQEAwIFoDAdBgNVHSUEFjAUBggrBgEFBQcDAQYIKwYBBQUH\nAwIwDAYDVR0TAQH/BAIwADAfBgNVHSMEGDAWgBTIbWwsZ/LJCiFcMbv5CtA2eHs7\nmDANBgkqhkiG9w0BAQsFAAOCAQEAXu2/HOzWc52kzRmUSOt3dem4WxNVBBzhI1lX\nkwgamh/DN5BUxKO9EGAMEtSvR1nL1QjfRP78oKCb5d2XkO9K0vFsLJ87IbMY9IZw\nswzbLEIRU8zKjHE4tJXtT5WNAE7HoTw5u4Vh+gb1jHkIxYFzdh/SBlqXwGyDpJMe\nCgdkDORM2Ljyj3Wo7CvezvofZeECcBzEYzTJZp+j4YTYF3WSx5JWly2H/DOOANXK\n28o+yDnJfxbhCCOr4ZH6f6M5LcekX6ncKWmZjs1R3Vgo/Tr4ipkkwQl5AyH/pkhu\nOJGoPyW+nYggy9x/5MezLhZ3CUTuAlu3he3DvG6Yjo6YEuniZw==\n-----END CERTIFICATE-----\n",
                "client_key": "-----BEGIN RSA PRIVATE KEY-----\nMIIEpAIBAAKCAQEAugjClJDyYf5TZjLUgGuJxFXa97vv36iHXTbRecbfAFzRJYzL\nyMsA4eII2zHJ/6H59Gl//RJ1+JCrK5swVoyaxa+gOXcEs5lkQOuKSgAD8xRb3dsb\nNemO5FXiqK+6dknSqGO0oQTVz8dstLqOfzfRu3hVuPJyt31mFkf4VzcCL4CJaDyJ\nSIe5AE2sbh222XqMKao8iE5m7wYfFX5M4H5LRmhDuoisjXkXWRdaxC9iI7Xvnanx\nWMeN6/DtoycHZqkPg0y17ette6s9c8dpLyZxM5iyNjShxEOGfqq95y0ZO4OOaorp\nerhxht2ltufIqJDtC79v3mWDWTCUYdV1l7MonwIDAQABAoIBAGM1pL8iBYDo5oUL\n+nN55gCEYL/Yw/WcpIO7Zj7xJZ/F3+uMiGjOievsZRiwFq9zLB+B27WUkME8NWyN\n2FtvpGJkZKgApss4tFRCyH7qPzD03IEWBg7cPU3b14JqJKBMgkE22u876uJh0cEX\n9EI3/GtjoyN8eF0OTND5FKE+PrYhhd67QB6fElC01B6q0FvxBa2Ml5/YwqdlaHqJ\npayM6wV72a00CdR6AjVakE68v+yd1i8teVkmbsHRc/89eT1NnMG9/E1AHek0Tlox\nHzJ+KzxEEekGyPBoOCy4KC4267KpKD32rjIOzbf8jowVgHFjeXiqV8XYnEoN5zxe\nxGZAk3ECgYEAwrbcThM21dU7sKTmHGO4gu3uaGcMg8YlJQBwhaAk2HrxJ4ONReHw\nCn/Kyb3d4oQc9988cRc+9NzB2Cr9bGhu1WACvSVbQrk6SzF6XFgqJpp9+nNu7hTv\nLNAm4PpyzlFn0eutZq/5be83bqcSp0LnIlWOpEoOKX2JVQ3C3lb/D3UCgYEA9JaA\nIbRVQr5CkeNyluFGcOdWAYpG3VA6FzhyMve6PaS5wcaUGZDjm76lX863PAVIDX2t\n8LczMSYJHRyBJbfYUvV1usNYSQuGpT4wNbM3UPPoNH5H4Kot1SBLmjGLATOGfsie\nZlKVaT1NxauG7XVHvIeqR8MKf62byDJZdZ/rCUMCgYAz7BcrKqyAsO/N1usVvvHA\n2Dmu1Wvc58WX7FoVB/NLVt1fsBDIBcvAwPsOePbmJFylLH4tmglLumJmhnA1rFOB\nyqxwS7nePQ5yZqs+XLRAvwnA828tRZ/Rz1/OtnpO0h5hN/txWpOk4RljBGJQ/+Iq\noa372VOVdMheSeEg8Qnq0QKBgQC3a2G9ZNoHilyrwRC+20OTCbjywLqx3ychIMBr\nPmGZNr3i9kM8BO7bbhXgiknZJfDJxTU67nfiZK6y+RxUp9D/LXpTS4kahh08MC3B\nJ5vVBoRdUVIfxh9G08g+YubmSLiUvWgkPcw0NrfrA93Ul33rgSWOWVK3Ov83G6MA\n1aNRtwKBgQCF4bjiXzwQYn/4slBUgmHWMwGzM9tRgyQOG5M8pdGZt+XyjkbxgJZZ\nhBqMEln0M1+FcrXcYoF0PaP/nLMJeey9e2hzTVN1YSzYh3QUO7Q551zNnM+lLcSF\nJ7lTq363qFpV7bECqPaSqVruB4TIpnH5kp8MLXlsptRTAW/HwLzv4Q==\n-----END RSA PRIVATE KEY-----\n",
                "cluster_ca_certificate": "-----BEGIN CERTIFICATE-----\nMIIDBjCCAe6gAwIBAgIBATANBgkqhkiG9w0BAQsFADAVMRMwEQYDVQQDEwptaW5p\na3ViZUNBMB4XDTIzMDcxMDE3MjcxMFoXDTMzMDcwODE3MjcxMFowFTETMBEGA1UE\nAxMKbWluaWt1YmVDQTCCASIwDQYJKoZIhvcNAQEBBQADggEPADCCAQoCggEBANqX\nyDP4YcrKIRg/Xp+Ujr7EnjxsxxBMkjzcJDxKieGOQwDqvS/SsXRoC9MUbeyEY5Zn\nepMUdIVr82WQQkQbvsuqzPQJufF651eOhvtFlx2zYZ0fafL8PTJct6j2y73h36ku\nJ9pZeR5kpMWv3Uro/63oPQJuKLtirU6oOjE+VTzrnPbWA5goqdK4ipvMQH2+DJ/W\nsoWwTCVb6AMld/bRr5NDMJMYE8DZV/JGlp4sH8K2LqqCQChG4tkA1oOkh3nutosx\nS+Zvp0KlYmbUmJQRZc2ChQTMb5i1199ROPxiIljGD3DBkUl5036f0CahZSwaOAyf\nR/YdR/jBL7d9L9jT+RUCAwEAAaNhMF8wDgYDVR0PAQH/BAQDAgKkMB0GA1UdJQQW\nMBQGCCsGAQUFBwMCBggrBgEFBQcDATAPBgNVHRMBAf8EBTADAQH/MB0GA1UdDgQW\nBBTIbWwsZ/LJCiFcMbv5CtA2eHs7mDANBgkqhkiG9w0BAQsFAAOCAQEAHs9VCH/8\nyQNfkIBCtk5e/3S37hfuSL/qPDGtO8heOpaH11PZkyIrs3nTCdlS5HIbUzsik9cD\n7mrSVfLJM3Pv/NnQLn6lrGJGtkSJaODyUoWbztjA6bCcYy71kGgLAqlzJZPhxAmU\nxr9eSfNYRdWroBCqI+DtJ6VjY14i7smn7OZNAFD5ykDdR6hDvGitYvXA7QkIX4G9\nJLn2DZmI3ALoc+V8wDiLp6bDMVV4uVtOKy/CV16jwYGRy6h6kJ0YfY4y1YhLSLZJ\nnS7W/wJmIMLRx2vXisY/NTcX/ZTu83rlWbTfKMz3mxj3m/Tu2YQwFSAKYdMkwWtt\nsjo8vIEZ5I15zQ==\n-----END CERTIFICATE-----\n",
                "cluster_host": "https://127.0.0.1:53381",
                "cluster_name": "dev-cluster"
              },
              "type": [
                "object",
                {
                  "client_certificate": "string",
                  "client_key": "string",
                  "cluster_ca_certificate": "string",
                  "cluster_host": "string",
                  "cluster_name": "string"
                }
              ]
            },
            "workspace": null
          },
          "sensitive_attributes": []
        }
      ]
    },
    {
      "module": "module.app",
      "mode": "managed",
      "type": "kubernetes_ingress_v1",
      "name": "app_ingress",
      "provider": "module.app.provider[\"registry.terraform.io/hashicorp/kubernetes\"]",
      "instances": [
        {
          "schema_version": 0,
          "attributes": {
            "id": "apps/app-ingress",
            "metadata": [
              {
                "annotations": {
                  "nginx.ingress.kubernetes.io/rewrite-target": "/$1"
                },
                "generate_name": "",
                "generation": 1,
                "labels": {},
                "name": "app-ingress",
                "namespace": "apps",
                "resource_version": "672",
                "uid": "4baa5c9a-c25c-4d29-9f93-df2fd814321d"
              }
            ],
            "spec": [
              {
                "default_backend": [],
                "ingress_class_name": "nginx",
                "rule": [
                  {
                    "host": "dev.one2n.local",
                    "http": [
                      {
                        "path": [
                          {
                            "backend": [
                              {
                                "resource": [],
                                "service": [
                                  {
                                    "name": "app-service",
                                    "port": [
                                      {
                                        "name": "",
                                        "number": 80
                                      }
                                    ]
                                  }
                                ]
                              }
                            ],
                            "path": "",
                            "path_type": "ImplementationSpecific"
                          }
                        ]
                      }
                    ]
                  }
                ],
                "tls": []
              }
            ],
            "status": [
              {
                "load_balancer": [
                  {
                    "ingress": [
                      {
                        "hostname": "",
                        "ip": "192.168.49.2"
                      }
                    ]
                  }
                ]
              }
            ],
            "timeouts": null,
            "wait_for_load_balancer": null
          },
          "sensitive_attributes": [],
          "private": "eyJlMmJmYjczMC1lY2FhLTExZTYtOGY4OC0zNDM2M2JjN2M0YzAiOnsiY3JlYXRlIjoxMjAwMDAwMDAwMDAwLCJkZWxldGUiOjEyMDAwMDAwMDAwMDB9fQ==",
          "dependencies": [
            "data.terraform_remote_state.kubernetes_cluster",
            "module.app.kubernetes_namespace_v1.app_namespace",
            "module.app.kubernetes_service_v1.app_service"
          ]
        }
      ]
    },
    {
      "module": "module.app",
      "mode": "managed",
      "type": "kubernetes_namespace_v1",
      "name": "app_namespace",
      "provider": "module.app.provider[\"registry.terraform.io/hashicorp/kubernetes\"]",
      "instances": [
        {
          "schema_version": 0,
          "attributes": {
            "id": "apps",
            "metadata": [
              {
                "annotations": {},
                "generate_name": "",
                "generation": 0,
                "labels": {
                  "environment": "dev"
                },
                "name": "apps",
                "resource_version": "605",
                "uid": "41077cd7-5cb7-4d53-ac9a-f9e4f7d88c3e"
              }
            ],
            "timeouts": null,
            "wait_for_default_service_account": false
          },
          "sensitive_attributes": [],
          "private": "eyJlMmJmYjczMC1lY2FhLTExZTYtOGY4OC0zNDM2M2JjN2M0YzAiOnsiZGVsZXRlIjozMDAwMDAwMDAwMDB9fQ==",
          "dependencies": [
            "data.terraform_remote_state.kubernetes_cluster"
          ]
        }
      ]
    },
    {
      "module": "module.app",
      "mode": "managed",
      "type": "kubernetes_persistent_volume_claim_v1",
      "name": "app_data_claim",
      "provider": "module.app.provider[\"registry.terraform.io/hashicorp/kubernetes\"]",
      "instances": [
        {
          "schema_version": 0,
          "attributes": {
            "id": "apps/app-storage-claim",
            "metadata": [
              {
                "annotations": {},
                "generate_name": "",
                "generation": 0,
                "labels": {},
                "name": "app-storage-claim",
                "namespace": "apps",
                "resource_version": "634",
                "uid": "d57f2298-4789-4c9a-a560-62cc8eba43b3"
              }
            ],
            "spec": [
              {
                "access_modes": [
                  "ReadWriteOnce"
                ],
                "resources": [
                  {
                    "limits": {},
                    "requests": {
                      "storage": "5Gi"
                    }
                  }
                ],
                "selector": [],
                "storage_class_name": "standard",
                "volume_mode": "Filesystem",
                "volume_name": "app-storage"
              }
            ],
            "timeouts": null,
            "wait_until_bound": true
          },
          "sensitive_attributes": [],
          "private": "eyJlMmJmYjczMC1lY2FhLTExZTYtOGY4OC0zNDM2M2JjN2M0YzAiOnsiY3JlYXRlIjozMDAwMDAwMDAwMDB9fQ==",
          "dependencies": [
            "data.terraform_remote_state.kubernetes_cluster",
            "module.app.kubernetes_namespace_v1.app_namespace",
            "module.app.kubernetes_persistent_volume_v1.app_data"
          ]
        }
      ]
    },
    {
      "module": "module.app",
      "mode": "managed",
      "type": "kubernetes_persistent_volume_v1",
      "name": "app_data",
      "provider": "module.app.provider[\"registry.terraform.io/hashicorp/kubernetes\"]",
      "instances": [
        {
          "schema_version": 0,
          "attributes": {
            "id": "app-storage",
            "metadata": [
              {
                "annotations": {},
                "generation": 0,
                "labels": {},
                "name": "app-storage",
                "resource_version": "622",
                "uid": "fd709c35-7890-4ccb-a2d7-96ebff95cd47"
              }
            ],
            "spec": [
              {
                "access_modes": [
                  "ReadWriteOnce"
                ],
                "capacity": {
                  "storage": "10Gi"
                },
                "claim_ref": [
                  {
                    "name": "app-storage-claim",
                    "namespace": "apps"
                  }
                ],
                "mount_options": [],
                "node_affinity": [],
                "persistent_volume_reclaim_policy": "Retain",
                "persistent_volume_source": [
                  {
                    "aws_elastic_block_store": [],
                    "azure_disk": [],
                    "azure_file": [],
                    "ceph_fs": [],
                    "cinder": [],
                    "csi": [],
                    "fc": [],
                    "flex_volume": [],
                    "flocker": [],
                    "gce_persistent_disk": [],
                    "glusterfs": [],
                    "host_path": [
                      {
                        "path": "/data",
                        "type": "DirectoryOrCreate"
                      }
                    ],
                    "iscsi": [],
                    "local": [],
                    "nfs": [],
                    "photon_persistent_disk": [],
                    "quobyte": [],
                    "rbd": [],
                    "vsphere_volume": []
                  }
                ],
                "storage_class_name": "standard",
                "volume_mode": "Filesystem"
              }
            ],
            "timeouts": null
          },
          "sensitive_attributes": [],
          "private": "eyJlMmJmYjczMC1lY2FhLTExZTYtOGY4OC0zNDM2M2JjN2M0YzAiOnsiY3JlYXRlIjozMDAwMDAwMDAwMDB9fQ==",
          "dependencies": [
            "data.terraform_remote_state.kubernetes_cluster"
          ]
        }
      ]
    },
    {
      "module": "module.app",
      "mode": "managed",
      "type": "kubernetes_pod_v1",
      "name": "app",
      "provider": "module.app.provider[\"registry.terraform.io/hashicorp/kubernetes\"]",
      "instances": [
        {
          "schema_version": 1,
          "attributes": {
            "id": "apps/app",
            "metadata": [
              {
                "annotations": {},
                "generate_name": "",
                "generation": 0,
                "labels": {
                  "app.kubernetes.io/name": "app",
                  "environment": "dev"
                },
                "name": "app",
                "namespace": "apps",
                "resource_version": "651",
                "uid": "fc3dbff7-1f29-4147-bd2e-f10f954c63dd"
              }
            ],
            "spec": [
              {
                "active_deadline_seconds": 0,
                "affinity": [],
                "automount_service_account_token": true,
                "container": [
                  {
                    "args": [],
                    "command": [],
                    "env": [],
                    "env_from": [],
                    "image": "nginx:latest",
                    "image_pull_policy": "Always",
                    "lifecycle": [],
                    "liveness_probe": [
                      {
                        "exec": [],
                        "failure_threshold": 3,
                        "grpc": [],
                        "http_get": [
                          {
                            "host": "",
                            "http_header": [],
                            "path": "/",
                            "port": "80",
                            "scheme": "HTTP"
                          }
                        ],
                        "initial_delay_seconds": 0,
                        "period_seconds": 10,
                        "success_threshold": 1,
                        "tcp_socket": [],
                        "timeout_seconds": 1
                      }
                    ],
                    "name": "app",
                    "port": [],
                    "readiness_probe": [],
                    "resources": [
                      {
                        "limits": {},
                        "requests": {}
                      }
                    ],
                    "security_context": [],
                    "startup_probe": [],
                    "stdin": false,
                    "stdin_once": false,
                    "termination_message_path": "/dev/termination-log",
                    "termination_message_policy": "File",
                    "tty": false,
                    "volume_mount": [],
                    "working_dir": ""
                  }
                ],
                "dns_config": [],
                "dns_policy": "ClusterFirst",
                "enable_service_links": true,
                "host_aliases": [],
                "host_ipc": false,
                "host_network": false,
                "host_pid": false,
                "hostname": "",
                "image_pull_secrets": [],
                "init_container": [],
                "node_name": "dev-cluster",
                "node_selector": {},
                "os": [],
                "priority_class_name": "",
                "readiness_gate": [],
                "restart_policy": "Always",
                "runtime_class_name": "",
                "scheduler_name": "default-scheduler",
                "security_context": [],
                "service_account_name": "default",
                "share_process_namespace": false,
                "subdomain": "",
                "termination_grace_period_seconds": 30,
                "toleration": [],
                "topology_spread_constraint": [],
                "volume": []
              }
            ],
            "target_state": null,
            "timeouts": null
          },
          "sensitive_attributes": [],
          "private": "eyJlMmJmYjczMC1lY2FhLTExZTYtOGY4OC0zNDM2M2JjN2M0YzAiOnsiY3JlYXRlIjozMDAwMDAwMDAwMDAsImRlbGV0ZSI6MzAwMDAwMDAwMDAwfSwic2NoZW1hX3ZlcnNpb24iOiIxIn0=",
          "dependencies": [
            "data.terraform_remote_state.kubernetes_cluster",
            "module.app.kubernetes_namespace_v1.app_namespace"
          ]
        }
      ]
    },
    {
      "module": "module.app",
      "mode": "managed",
      "type": "kubernetes_service_v1",
      "name": "app_service",
      "provider": "module.app.provider[\"registry.terraform.io/hashicorp/kubernetes\"]",
      "instances": [
        {
          "schema_version": 1,
          "attributes": {
            "id": "apps/app-service",
            "metadata": [
              {
                "annotations": {},
                "generate_name": "",
                "generation": 0,
                "labels": {},
                "name": "app-service",
                "namespace": "apps",
                "resource_version": "614",
                "uid": "ed6b17dd-5bcb-4f82-bb9e-58538323accd"
              }
            ],
            "spec": [
              {
                "allocate_load_balancer_node_ports": true,
                "cluster_ip": "10.102.96.138",
                "cluster_ips": [
                  "10.102.96.138"
                ],
                "external_ips": [],
                "external_name": "",
                "external_traffic_policy": "Cluster",
                "health_check_node_port": 0,
                "internal_traffic_policy": "Cluster",
                "ip_families": [
                  "IPv4"
                ],
                "ip_family_policy": "SingleStack",
                "load_balancer_class": "",
                "load_balancer_ip": "",
                "load_balancer_source_ranges": [],
                "port": [
                  {
                    "app_protocol": "",
                    "name": "",
                    "node_port": 31820,
                    "port": 80,
                    "protocol": "TCP",
                    "target_port": "80"
                  }
                ],
                "publish_not_ready_addresses": false,
                "selector": {
                  "app.kubernetes.io/name": "app"
                },
                "session_affinity": "None",
                "session_affinity_config": [],
                "type": "NodePort"
              }
            ],
            "status": [
              {
                "load_balancer": [
                  {
                    "ingress": []
                  }
                ]
              }
            ],
            "timeouts": null,
            "wait_for_load_balancer": true
          },
          "sensitive_attributes": [],
          "private": "eyJlMmJmYjczMC1lY2FhLTExZTYtOGY4OC0zNDM2M2JjN2M0YzAiOnsiY3JlYXRlIjo2MDAwMDAwMDAwMDB9LCJzY2hlbWFfdmVyc2lvbiI6IjEifQ==",
          "dependencies": [
            "data.terraform_remote_state.kubernetes_cluster",
            "module.app.kubernetes_namespace_v1.app_namespace"
          ]
        }
      ]
    }
  ],
  "check_results": [
    {
      "object_kind": "var",
      "config_addr": "module.app.var.service_port",
      "status": "pass",
      "objects": [
        {
          "object_addr": "module.app.var.service_port",
          "status": "pass"
        }
      ]
    },
    {
      "object_kind": "var",
      "config_addr": "module.app.var.environment",
      "status": "pass",
      "objects": [
        {
          "object_addr": "module.app.var.environment",
          "status": "pass"
        }
      ]
    },
    {
      "object_kind": "var",
      "config_addr": "module.app.var.app_port",
      "status": "pass",
      "objects": [
        {
          "object_addr": "module.app.var.app_port",
          "status": "pass"
        }
      ]
    }
  ]
}
