{
  "version": 4,
  "terraform_version": "1.7.3",
  "serial": 7,
  "lineage": "22365093-1202-2096-3c70-c1f8af8feb77",
  "outputs": {
    "app_environment": {
      "value": "prod",
      "type": "string"
    },
    "app_storage_path": {
      "value": "/data",
      "type": "string"
    }
  },
  "resources": [
    {
      "mode": "data",
      "type": "terraform_remote_state",
      "name": "kubernetes_cluster",
      "provider": "provider[\"terraform.io/builtin/terraform\"]",
      "instances": [
        {
          "schema_version": 0,
          "attributes": {
            "backend": "local",
            "config": {
              "value": {
                "path": "../cluster/terraform.tfstate"
              },
              "type": [
                "object",
                {
                  "path": "string"
                }
              ]
            },
            "defaults": null,
            "outputs": {
              "value": {
                "client_certificate": "-----BEGIN CERTIFICATE-----\nMIIDITCCAgmgAwIBAgIBAjANBgkqhkiG9w0BAQsFADAVMRMwEQYDVQQDEwptaW5p\na3ViZUNBMB4XDTI0MDIxNDEwMjM0M1oXDTI3MDIxNDEwMjM0M1owMTEXMBUGA1UE\nChMOc3lzdGVtOm1hc3RlcnMxFjAUBgNVBAMTDW1pbmlrdWJlLXVzZXIwggEiMA0G\nCSqGSIb3DQEBAQUAA4IBDwAwggEKAoIBAQC8NwXqxUY1quEXOd3vmSFlKQiL010p\nq//VVnI4sOskdZJtkjtWn6suWO/skY0i32vLKKZPEGSaVJnOAx5m7a0fdDjN46wl\nlh4FNxboNynoX0652pJ1FGBeIfkeAvsnrCI94ajSmHkwyd65HX52FGq/BtHPGXD+\nBQeZEhRzbzjzn0xqrrSlfgmAD8l108SvbQoWKw17cFDuyAZAvecYm3ZwCcprkmPl\nRqeAPFXJ3VbB17Z6XldC2YFy5bbzw39hSNuENzxD8y+q8fxyEGKWbox992uf65CO\nb4Jde3P7otW7EN6Ylnryz3f4tGkLRHP8UG1kxAd5rBpjp5jErwzKABF1AgMBAAGj\nYDBeMA4GA1UdDwEB/wQEAwIFoDAdBgNVHSUEFjAUBggrBgEFBQcDAQYIKwYBBQUH\nAwIwDAYDVR0TAQH/BAIwADAfBgNVHSMEGDAWgBTIbWwsZ/LJCiFcMbv5CtA2eHs7\nmDANBgkqhkiG9w0BAQsFAAOCAQEABhWMtQqXmYQnJZ13vT2PQtyAcE+0L1lMEHV5\nPdaG/igl5e/zuDp9ePTRHJgWunNacM3PjLkg3v1DuDBt8hJm11r9OoVq5fCuxfPJ\niupgSkbnHfwrQYkuH1UPx42NiVzoPC5k+lcDUWOJJ85ArTrmU9Hf7kE1xSgh754g\nN7e+eyKN3L8Ml21/LJoOjAtwOCudYrZYyvzSXGnOtHX1Hx11BQPhYjU+FZPWHRNs\nBgxZCDEbwwNwCxmwQTDd0jl5OvRtC+W+NyIR7KatnhK9KCpPcqGo5hdz2P/mzKqc\nrpiLwi9EZhq0WkaA4+SXdxiUdvc7cA8M50X+5yF8U9/as9rUGg==\n-----END CERTIFICATE-----\n",
                "client_key": "-----BEGIN RSA PRIVATE KEY-----\nMIIEogIBAAKCAQEAvDcF6sVGNarhFznd75khZSkIi9NdKav/1VZyOLDrJHWSbZI7\nVp+rLljv7JGNIt9ryyimTxBkmlSZzgMeZu2tH3Q4zeOsJZYeBTcW6Dcp6F9OudqS\ndRRgXiH5HgL7J6wiPeGo0ph5MMneuR1+dhRqvwbRzxlw/gUHmRIUc284859Maq60\npX4JgA/JddPEr20KFisNe3BQ7sgGQL3nGJt2cAnKa5Jj5UangDxVyd1Wwde2el5X\nQtmBcuW288N/YUjbhDc8Q/MvqvH8chBilm6Mffdrn+uQjm+CXXtz+6LVuxDemJZ6\n8s93+LRpC0Rz/FBtZMQHeawaY6eYxK8MygARdQIDAQABAoIBACalobhoU5dXhCqx\nvimhpuLPvyp+9yVEZR7YRlHvugjdf3iySy7pUEwPBQztgi6D8+1eZm/brNynvIE5\n0LdP3HmV8sgMFOAO6BEoE7MRCLDnSRIOmH4j9fm+Phn0gL/Pr6RHPtQnbNMg0HPw\nY3Q5kwWwj8pXrgTq4XmD5eEiGG6lj9R81MTEtA5mvWiMmz2FJ5oRrSWLyvxOa/6p\npbtmW+9nwIwxmYy2wfkUcHgKDzzWKgeRKz9+sIqgpdra+NWlWUHHj/TVTZsrk2b8\ngx5E1YSE+J0mbzCZZ8FV0SicpN851QQ++s+oJwqX/pmWi1RLddfZtPojWR0MJuKy\n0WkdJO0CgYEA0CWhmmo0lMobe/2axmX3VU03VnAruiAaqCD4u/+G5JMUf5h5Vsxz\nPmHH2g9TV/HaIn3stk+J7vjGhj3drZgSlS+pwYsStrijd9HyqdvjDnoHFxdqojpx\nzjsFzdQrhIhOEfRI2tzsbodJfUpOFgpxCRoU3R+RNF8FLfC6gt+/CvsCgYEA53xN\nUjTd9QXM0DaItL1ORJ4pqWZfdZJAKq7LzND6tdw0A4tbcsC9rDL5PP+3uQRa0KhH\npbGV66wmcrZz5K8DWbtcAQ8bDoAuUb7qt6rjsIQl9H//yufUrp9qF6P6oKmC+II2\njHXJCZS+ZIEUGjR6ZKDU2rjpi+8dHtnINjZzqk8CgYAI2GCKsFK1s/UBCuDl53Vg\nQZzFZpTlHvIjDOulCZHQ6tMnLPKTFrMbBoq4oIgZJ6TubE1/3ddtuVKuZ7ig5OJ9\nRn4/REqySxxfPiPCxh5bAiKE/7C/Xh5x9h4kBg0nX6d5qdjivBqsA8HCukKhOyZc\njagvUWUZRaRxtFYos5tpuwKBgDCww67L8ffs7WTKY7zoqMLkJc08/E1FovuXYsTF\nHEcOd15bfLPJeNv0qNo8y48+LEABdXiTvv4gasHsQLpUWbcRIswSOlW1foixSLuz\nVUs2sKkaF1q9os3MOEuasUgD/8l30jN/Pvcl81o+kFTmvuvVrJAJHw7RD+YCVwuY\nLoIfAoGAH9GbrUKwJvuQeFnTOaWEEjgfSh5FqHhVSDgE7OTanaNk7X1CgrN0vVZe\nPmMKlgYwMwTIZxIsaL5PY63ctvgt0BBx7sPXU+aPEirSrVbm+M50TeOHQUZcSD81\no6UhqEJjv5cfCB56U7jsiiycilHuT/ULROBXddV/wlaV1+ogVy8=\n-----END RSA PRIVATE KEY-----\n",
                "cluster_ca_certificate": "-----BEGIN CERTIFICATE-----\nMIIDBjCCAe6gAwIBAgIBATANBgkqhkiG9w0BAQsFADAVMRMwEQYDVQQDEwptaW5p\na3ViZUNBMB4XDTIzMDcxMDE3MjcxMFoXDTMzMDcwODE3MjcxMFowFTETMBEGA1UE\nAxMKbWluaWt1YmVDQTCCASIwDQYJKoZIhvcNAQEBBQADggEPADCCAQoCggEBANqX\nyDP4YcrKIRg/Xp+Ujr7EnjxsxxBMkjzcJDxKieGOQwDqvS/SsXRoC9MUbeyEY5Zn\nepMUdIVr82WQQkQbvsuqzPQJufF651eOhvtFlx2zYZ0fafL8PTJct6j2y73h36ku\nJ9pZeR5kpMWv3Uro/63oPQJuKLtirU6oOjE+VTzrnPbWA5goqdK4ipvMQH2+DJ/W\nsoWwTCVb6AMld/bRr5NDMJMYE8DZV/JGlp4sH8K2LqqCQChG4tkA1oOkh3nutosx\nS+Zvp0KlYmbUmJQRZc2ChQTMb5i1199ROPxiIljGD3DBkUl5036f0CahZSwaOAyf\nR/YdR/jBL7d9L9jT+RUCAwEAAaNhMF8wDgYDVR0PAQH/BAQDAgKkMB0GA1UdJQQW\nMBQGCCsGAQUFBwMCBggrBgEFBQcDATAPBgNVHRMBAf8EBTADAQH/MB0GA1UdDgQW\nBBTIbWwsZ/LJCiFcMbv5CtA2eHs7mDANBgkqhkiG9w0BAQsFAAOCAQEAHs9VCH/8\nyQNfkIBCtk5e/3S37hfuSL/qPDGtO8heOpaH11PZkyIrs3nTCdlS5HIbUzsik9cD\n7mrSVfLJM3Pv/NnQLn6lrGJGtkSJaODyUoWbztjA6bCcYy71kGgLAqlzJZPhxAmU\nxr9eSfNYRdWroBCqI+DtJ6VjY14i7smn7OZNAFD5ykDdR6hDvGitYvXA7QkIX4G9\nJLn2DZmI3ALoc+V8wDiLp6bDMVV4uVtOKy/CV16jwYGRy6h6kJ0YfY4y1YhLSLZJ\nnS7W/wJmIMLRx2vXisY/NTcX/ZTu83rlWbTfKMz3mxj3m/Tu2YQwFSAKYdMkwWtt\nsjo8vIEZ5I15zQ==\n-----END CERTIFICATE-----\n",
                "cluster_host": "https://127.0.0.1:53823",
                "cluster_name": "prod-cluster"
              },
              "type": [
                "object",
                {
                  "client_certificate": "string",
                  "client_key": "string",
                  "cluster_ca_certificate": "string",
                  "cluster_host": "string",
                  "cluster_name": "string"
                }
              ]
            },
            "workspace": null
          },
          "sensitive_attributes": []
        }
      ]
    },
    {
      "module": "module.app",
      "mode": "managed",
      "type": "kubernetes_ingress_v1",
      "name": "app_ingress",
      "provider": "module.app.provider[\"registry.terraform.io/hashicorp/kubernetes\"]",
      "instances": [
        {
          "schema_version": 0,
          "attributes": {
            "id": "apps/app-ingress",
            "metadata": [
              {
                "annotations": {
                  "nginx.ingress.kubernetes.io/rewrite-target": "/$1"
                },
                "generate_name": "",
                "generation": 1,
                "labels": null,
                "name": "app-ingress",
                "namespace": "apps",
                "resource_version": "699",
                "uid": "4e1d6d32-e648-4e42-8cbe-89a53f90d907"
              }
            ],
            "spec": [
              {
                "default_backend": [],
                "ingress_class_name": "nginx",
                "rule": [
                  {
                    "host": "prod.one2n.local",
                    "http": [
                      {
                        "path": [
                          {
                            "backend": [
                              {
                                "resource": [],
                                "service": [
                                  {
                                    "name": "app-service",
                                    "port": [
                                      {
                                        "name": "",
                                        "number": 80
                                      }
                                    ]
                                  }
                                ]
                              }
                            ],
                            "path": "",
                            "path_type": "ImplementationSpecific"
                          }
                        ]
                      }
                    ]
                  }
                ],
                "tls": []
              }
            ],
            "status": [
              {
                "load_balancer": [
                  {
                    "ingress": []
                  }
                ]
              }
            ],
            "timeouts": null,
            "wait_for_load_balancer": null
          },
          "sensitive_attributes": [],
          "private": "eyJlMmJmYjczMC1lY2FhLTExZTYtOGY4OC0zNDM2M2JjN2M0YzAiOnsiY3JlYXRlIjoxMjAwMDAwMDAwMDAwLCJkZWxldGUiOjEyMDAwMDAwMDAwMDB9fQ==",
          "dependencies": [
            "data.terraform_remote_state.kubernetes_cluster",
            "module.app.kubernetes_namespace_v1.app_namespace",
            "module.app.kubernetes_service_v1.app_service"
          ]
        }
      ]
    },
    {
      "module": "module.app",
      "mode": "managed",
      "type": "kubernetes_namespace_v1",
      "name": "app_namespace",
      "provider": "module.app.provider[\"registry.terraform.io/hashicorp/kubernetes\"]",
      "instances": [
        {
          "schema_version": 0,
          "attributes": {
            "id": "apps",
            "metadata": [
              {
                "annotations": null,
                "generate_name": "",
                "generation": 0,
                "labels": {
                  "environment": "prod"
                },
                "name": "apps",
                "resource_version": "676",
                "uid": "f19fa0a6-4757-4df8-8be3-e94853169f5b"
              }
            ],
            "timeouts": null,
            "wait_for_default_service_account": false
          },
          "sensitive_attributes": [],
          "private": "eyJlMmJmYjczMC1lY2FhLTExZTYtOGY4OC0zNDM2M2JjN2M0YzAiOnsiZGVsZXRlIjozMDAwMDAwMDAwMDB9fQ==",
          "dependencies": [
            "data.terraform_remote_state.kubernetes_cluster"
          ]
        }
      ]
    },
    {
      "module": "module.app",
      "mode": "managed",
      "type": "kubernetes_persistent_volume_claim_v1",
      "name": "app_data_claim",
      "provider": "module.app.provider[\"registry.terraform.io/hashicorp/kubernetes\"]",
      "instances": [
        {
          "schema_version": 0,
          "attributes": {
            "id": "apps/app-storage-claim",
            "metadata": [
              {
                "annotations": null,
                "generate_name": "",
                "generation": 0,
                "labels": null,
                "name": "app-storage-claim",
                "namespace": "apps",
                "resource_version": "693",
                "uid": "47e80f6f-b033-441a-9aae-c521576486ca"
              }
            ],
            "spec": [
              {
                "access_modes": [
                  "ReadWriteOnce"
                ],
                "resources": [
                  {
                    "limits": null,
                    "requests": {
                      "storage": "5Gi"
                    }
                  }
                ],
                "selector": [],
                "storage_class_name": "standard",
                "volume_mode": "Filesystem",
                "volume_name": "app-storage"
              }
            ],
            "timeouts": null,
            "wait_until_bound": true
          },
          "sensitive_attributes": [],
          "private": "eyJlMmJmYjczMC1lY2FhLTExZTYtOGY4OC0zNDM2M2JjN2M0YzAiOnsiY3JlYXRlIjozMDAwMDAwMDAwMDB9fQ==",
          "dependencies": [
            "data.terraform_remote_state.kubernetes_cluster",
            "module.app.kubernetes_namespace_v1.app_namespace",
            "module.app.kubernetes_persistent_volume_v1.app_data"
          ]
        }
      ]
    },
    {
      "module": "module.app",
      "mode": "managed",
      "type": "kubernetes_persistent_volume_v1",
      "name": "app_data",
      "provider": "module.app.provider[\"registry.terraform.io/hashicorp/kubernetes\"]",
      "instances": [
        {
          "schema_version": 0,
          "attributes": {
            "id": "app-storage",
            "metadata": [
              {
                "annotations": null,
                "generation": 0,
                "labels": null,
                "name": "app-storage",
                "resource_version": "682",
                "uid": "461ef702-4b7d-488b-8166-20974b5b4e37"
              }
            ],
            "spec": [
              {
                "access_modes": [
                  "ReadWriteOnce"
                ],
                "capacity": {
                  "storage": "10Gi"
                },
                "claim_ref": [],
                "mount_options": null,
                "node_affinity": [],
                "persistent_volume_reclaim_policy": "Retain",
                "persistent_volume_source": [
                  {
                    "aws_elastic_block_store": [],
                    "azure_disk": [],
                    "azure_file": [],
                    "ceph_fs": [],
                    "cinder": [],
                    "csi": [],
                    "fc": [],
                    "flex_volume": [],
                    "flocker": [],
                    "gce_persistent_disk": [],
                    "glusterfs": [],
                    "host_path": [
                      {
                        "path": "/data",
                        "type": "DirectoryOrCreate"
                      }
                    ],
                    "iscsi": [],
                    "local": [],
                    "nfs": [],
                    "photon_persistent_disk": [],
                    "quobyte": [],
                    "rbd": [],
                    "vsphere_volume": []
                  }
                ],
                "storage_class_name": "standard",
                "volume_mode": "Filesystem"
              }
            ],
            "timeouts": null
          },
          "sensitive_attributes": [],
          "private": "eyJlMmJmYjczMC1lY2FhLTExZTYtOGY4OC0zNDM2M2JjN2M0YzAiOnsiY3JlYXRlIjozMDAwMDAwMDAwMDB9fQ==",
          "dependencies": [
            "data.terraform_remote_state.kubernetes_cluster"
          ]
        }
      ]
    },
    {
      "module": "module.app",
      "mode": "managed",
      "type": "kubernetes_pod_v1",
      "name": "app",
      "provider": "module.app.provider[\"registry.terraform.io/hashicorp/kubernetes\"]",
      "instances": [
        {
          "schema_version": 1,
          "attributes": {
            "id": "apps/app",
            "metadata": [
              {
                "annotations": null,
                "generate_name": "",
                "generation": 0,
                "labels": {
                  "app.kubernetes.io/name": "app",
                  "environment": "prod"
                },
                "name": "app",
                "namespace": "apps",
                "resource_version": "740",
                "uid": "d121e955-0e31-4119-babb-b543002df423"
              }
            ],
            "spec": [
              {
                "active_deadline_seconds": 0,
                "affinity": [],
                "automount_service_account_token": true,
                "container": [
                  {
                    "args": null,
                    "command": null,
                    "env": [],
                    "env_from": [],
                    "image": "nginx:latest",
                    "image_pull_policy": "Always",
                    "lifecycle": [],
                    "liveness_probe": [
                      {
                        "exec": [],
                        "failure_threshold": 3,
                        "grpc": [],
                        "http_get": [
                          {
                            "host": "",
                            "http_header": [],
                            "path": "/",
                            "port": "80",
                            "scheme": "HTTP"
                          }
                        ],
                        "initial_delay_seconds": 0,
                        "period_seconds": 10,
                        "success_threshold": 1,
                        "tcp_socket": [],
                        "timeout_seconds": 1
                      }
                    ],
                    "name": "app",
                    "port": [],
                    "readiness_probe": [],
                    "resources": [
                      {
                        "limits": {},
                        "requests": {}
                      }
                    ],
                    "security_context": [],
                    "startup_probe": [],
                    "stdin": false,
                    "stdin_once": false,
                    "termination_message_path": "/dev/termination-log",
                    "termination_message_policy": "File",
                    "tty": false,
                    "volume_mount": [],
                    "working_dir": ""
                  }
                ],
                "dns_config": [],
                "dns_policy": "ClusterFirst",
                "enable_service_links": true,
                "host_aliases": [],
                "host_ipc": false,
                "host_network": false,
                "host_pid": false,
                "hostname": "",
                "image_pull_secrets": [],
                "init_container": [],
                "node_name": "prod-cluster",
                "node_selector": null,
                "os": [],
                "priority_class_name": "",
                "readiness_gate": [],
                "restart_policy": "Always",
                "runtime_class_name": "",
                "scheduler_name": "default-scheduler",
                "security_context": [],
                "service_account_name": "default",
                "share_process_namespace": false,
                "subdomain": "",
                "termination_grace_period_seconds": 30,
                "toleration": [],
                "topology_spread_constraint": [],
                "volume": []
              }
            ],
            "target_state": null,
            "timeouts": null
          },
          "sensitive_attributes": [],
          "private": "eyJlMmJmYjczMC1lY2FhLTExZTYtOGY4OC0zNDM2M2JjN2M0YzAiOnsiY3JlYXRlIjozMDAwMDAwMDAwMDAsImRlbGV0ZSI6MzAwMDAwMDAwMDAwfSwic2NoZW1hX3ZlcnNpb24iOiIxIn0=",
          "dependencies": [
            "data.terraform_remote_state.kubernetes_cluster",
            "module.app.kubernetes_namespace_v1.app_namespace"
          ]
        }
      ]
    },
    {
      "module": "module.app",
      "mode": "managed",
      "type": "kubernetes_service_v1",
      "name": "app_service",
      "provider": "module.app.provider[\"registry.terraform.io/hashicorp/kubernetes\"]",
      "instances": [
        {
          "schema_version": 1,
          "attributes": {
            "id": "apps/app-service",
            "metadata": [
              {
                "annotations": null,
                "generate_name": "",
                "generation": 0,
                "labels": null,
                "name": "app-service",
                "namespace": "apps",
                "resource_version": "684",
                "uid": "30019eed-ff9f-40eb-ab29-dc8e18b8116c"
              }
            ],
            "spec": [
              {
                "allocate_load_balancer_node_ports": true,
                "cluster_ip": "10.99.255.65",
                "cluster_ips": [
                  "10.99.255.65"
                ],
                "external_ips": null,
                "external_name": "",
                "external_traffic_policy": "Cluster",
                "health_check_node_port": 0,
                "internal_traffic_policy": "Cluster",
                "ip_families": [
                  "IPv4"
                ],
                "ip_family_policy": "SingleStack",
                "load_balancer_class": "",
                "load_balancer_ip": "",
                "load_balancer_source_ranges": null,
                "port": [
                  {
                    "app_protocol": "",
                    "name": "",
                    "node_port": 30875,
                    "port": 80,
                    "protocol": "TCP",
                    "target_port": "80"
                  }
                ],
                "publish_not_ready_addresses": false,
                "selector": {
                  "app.kubernetes.io/name": "app"
                },
                "session_affinity": "None",
                "session_affinity_config": [],
                "type": "NodePort"
              }
            ],
            "status": [
              {
                "load_balancer": [
                  {
                    "ingress": []
                  }
                ]
              }
            ],
            "timeouts": null,
            "wait_for_load_balancer": true
          },
          "sensitive_attributes": [],
          "private": "eyJlMmJmYjczMC1lY2FhLTExZTYtOGY4OC0zNDM2M2JjN2M0YzAiOnsiY3JlYXRlIjo2MDAwMDAwMDAwMDB9LCJzY2hlbWFfdmVyc2lvbiI6IjEifQ==",
          "dependencies": [
            "data.terraform_remote_state.kubernetes_cluster",
            "module.app.kubernetes_namespace_v1.app_namespace"
          ]
        }
      ]
    }
  ],
  "check_results": [
    {
      "object_kind": "var",
      "config_addr": "module.app.var.app_port",
      "status": "pass",
      "objects": [
        {
          "object_addr": "module.app.var.app_port",
          "status": "pass"
        }
      ]
    },
    {
      "object_kind": "var",
      "config_addr": "module.app.var.environment",
      "status": "pass",
      "objects": [
        {
          "object_addr": "module.app.var.environment",
          "status": "pass"
        }
      ]
    },
    {
      "object_kind": "var",
      "config_addr": "module.app.var.service_port",
      "status": "pass",
      "objects": [
        {
          "object_addr": "module.app.var.service_port",
          "status": "pass"
        }
      ]
    }
  ]
}
