{
  "version": 4,
  "terraform_version": "1.7.3",
  "serial": 12,
  "lineage": "77b52b96-becb-5b11-edf4-86c703861eb1",
  "outputs": {
    "app_environment": {
      "value": "prod",
      "type": "string"
    },
    "app_storage_path": {
      "value": "/data",
      "type": "string"
    },
    "app_url": {
      "value": "https://127.0.0.1:64035/app/",
      "type": "string"
    }
  },
  "resources": [
    {
      "mode": "data",
      "type": "terraform_remote_state",
      "name": "kubernetes_cluster",
      "provider": "provider[\"terraform.io/builtin/terraform\"]",
      "instances": [
        {
          "schema_version": 0,
          "attributes": {
            "backend": "local",
            "config": {
              "value": {
                "path": "../cluster/terraform.tfstate"
              },
              "type": [
                "object",
                {
                  "path": "string"
                }
              ]
            },
            "defaults": null,
            "outputs": {
              "value": {
                "client_certificate": "-----BEGIN CERTIFICATE-----\nMIIDITCCAgmgAwIBAgIBAjANBgkqhkiG9w0BAQsFADAVMRMwEQYDVQQDEwptaW5p\na3ViZUNBMB4XDTI0MDIxMzE0NTg0M1oXDTI3MDIxMzE0NTg0M1owMTEXMBUGA1UE\nChMOc3lzdGVtOm1hc3RlcnMxFjAUBgNVBAMTDW1pbmlrdWJlLXVzZXIwggEiMA0G\nCSqGSIb3DQEBAQUAA4IBDwAwggEKAoIBAQDSWHBzu6R42LEw++1edEq25j8nBoVc\n1sMXedF8RDH0GLHqtD+wCciCgiFzmgOAEZyMdtHCZ6utCBXxKLOXe+OFPI//p/wX\nbtOCwWH0EgFCaKrSc+gKxUCojrkwrG008E7xw25UbYlKHAmVM5GFbq2mf7KpDU5h\nH+qDlQsOV9x3qJc72I+4J/qhbM/2ej2n3orh0AwqA9mlfI+tGENnkFEEgKTVSS+6\nKuu8UvoPLYN8nhpOdodYA0U3z3EasuiaQJ+2WfWbqwCYDJnvrRr+lSGmNPaMl786\nX4hdyRLNq5u65VuNxgWYZmGYtoxATZE3SsUVUissqnhMEGP2c2DILUwnAgMBAAGj\nYDBeMA4GA1UdDwEB/wQEAwIFoDAdBgNVHSUEFjAUBggrBgEFBQcDAQYIKwYBBQUH\nAwIwDAYDVR0TAQH/BAIwADAfBgNVHSMEGDAWgBTIbWwsZ/LJCiFcMbv5CtA2eHs7\nmDANBgkqhkiG9w0BAQsFAAOCAQEATSSTsSe+Eiaa9G2ZUbvbti46fe4fB0LLU8Px\nJDOOPQDKEJhFf14+mlaLycPgzoTJHabEyWsBJbgjRvV/H0rBUlSxKDCJHMpPnSfH\nE4wDtb8PQKhLIvoRcdKA8DmmZg2slT68GAU3XBssHdZKHXPVX7z+/qJAPFdf8eWZ\nsdAN2Sg1Ung9bDPuh6ZxUadoIqrUyPDAEga5KUU6pVhpET4POXZd6fA0z/2EqMmi\nBOH3NCP9debYr+qgfWBESXVm/AJDHA65eUe3d/Lsa3M936JTOc6lagt/I9lP6emo\ngYJIL9hUESqg1RnwAeLY8NpiyR0/qjwJPyH5JksL/FOcRRxQow==\n-----END CERTIFICATE-----\n",
                "client_key": "-----BEGIN RSA PRIVATE KEY-----\nMIIEowIBAAKCAQEA0lhwc7ukeNixMPvtXnRKtuY/JwaFXNbDF3nRfEQx9Bix6rQ/\nsAnIgoIhc5oDgBGcjHbRwmerrQgV8Sizl3vjhTyP/6f8F27TgsFh9BIBQmiq0nPo\nCsVAqI65MKxtNPBO8cNuVG2JShwJlTORhW6tpn+yqQ1OYR/qg5ULDlfcd6iXO9iP\nuCf6oWzP9no9p96K4dAMKgPZpXyPrRhDZ5BRBICk1UkvuirrvFL6Dy2DfJ4aTnaH\nWANFN89xGrLomkCftln1m6sAmAyZ760a/pUhpjT2jJe/Ol+IXckSzaubuuVbjcYF\nmGZhmLaMQE2RN0rFFVIrLKp4TBBj9nNgyC1MJwIDAQABAoIBAQDGCWnmLHYPKMS6\nf5Xd5dMqG+C9V1BcNf57rb9jJbl6PX3UoVuM28khxm7ELe65ttsTDBM02vIw+Hng\nERf0uTleicRxSLD5RuhwJK2aYxE4et7JQULoUQotKCKHBu/SdaV9zSek6XPmiDsl\nc+XAIJHxPizxKIvwuWHL/JjqKiJxrF1VQjJSHXcr1ADTJFFoNLicIbDxLbCBTmHY\n4fup0ZVLCuhBHsDHGEuRzzc606yxHpykWWrOkEd9p1canovPCMu/5Og0kyPDS743\nHkl4eTKC3VmlMO75OQOZu5phhIBOAX1Eq4euUfp6BkCi/hHOXKZFlP5cEbFZoleI\nbgzHY/FxAoGBAN7H/M9ckdR6Wl6K2KrL+uztz7ZNuYl/04cuBZ3BssPErJ7oL8k+\nQj1tkIEpEvnmDJDCJGaZA8IYg7YY4iLvDBf3jo4KmydWQr/EbV3dIJHdfxnN8MIc\nTHaLv2OPlQBrD2pKGgchdjcYDloZ1lOCsTpnnlto0sC5UiVOzWoaQPMFAoGBAPG1\nwR3h9MHEWLL2D6Kn86UvdpGCxxcz1FocGHpu2mkXstFTSuXkL01N4HcMWFvyNsRc\nKMZBzWzxLkDHSqJQHbln2I5vtxWIDrxK8e9OIxJcO12oz0hrs6xInmqfRSzuMdIB\nXBET2HBazHrmyM56XOXOPd+Cll1m9uX2lIILtkI7AoGAGTPan8LDJJxq2MMwW7IT\nwvXsR51nXey+C07jh8M/6/G17Ywqy8NlTvm0HUh+QxMJXN75qzmoOS74x4LtIjKU\n1alF0T/V6Y9Socsg7Dt10cqS9GJd2DfHVqncjvDRVGjIJ6gWZbQdYYIxLXQ60Nu6\nHPdX7NNg9DiC2IGfr18k9dkCgYAKRYAEZhLBnTdru3sknWCEN4UhX95YBRLUFXeQ\n1F8hsikeLhzzsgO0lEeip3qlxaBALe5ppmg1ZfZiOFXame75bwlL3EF6f8Koi8LG\nOZrR7+tx6neMi08iVh+tRkFpTGH/m6Eu9JnxBFrGKkKES7zg4yfL9L+xDmwVj6n1\n8Mt4+wKBgGTptP8M8YmjTxtmra+YqisNDRKNAoGah5xqLsltc4uKrOZ5Zv8enmTp\nAkTT7dmtv9c4lSnDHzRRs4oGg+QzACg/a/OsokbIorBXyHbM6SYXzRwLRQv8mm36\nQlm8+kGDfXevAsC1pWaysXYC1aj3QtdiD25PvT3Le+VZwC8kkMyJ\n-----END RSA PRIVATE KEY-----\n",
                "cluster_ca_certificate": "-----BEGIN CERTIFICATE-----\nMIIDBjCCAe6gAwIBAgIBATANBgkqhkiG9w0BAQsFADAVMRMwEQYDVQQDEwptaW5p\na3ViZUNBMB4XDTIzMDcxMDE3MjcxMFoXDTMzMDcwODE3MjcxMFowFTETMBEGA1UE\nAxMKbWluaWt1YmVDQTCCASIwDQYJKoZIhvcNAQEBBQADggEPADCCAQoCggEBANqX\nyDP4YcrKIRg/Xp+Ujr7EnjxsxxBMkjzcJDxKieGOQwDqvS/SsXRoC9MUbeyEY5Zn\nepMUdIVr82WQQkQbvsuqzPQJufF651eOhvtFlx2zYZ0fafL8PTJct6j2y73h36ku\nJ9pZeR5kpMWv3Uro/63oPQJuKLtirU6oOjE+VTzrnPbWA5goqdK4ipvMQH2+DJ/W\nsoWwTCVb6AMld/bRr5NDMJMYE8DZV/JGlp4sH8K2LqqCQChG4tkA1oOkh3nutosx\nS+Zvp0KlYmbUmJQRZc2ChQTMb5i1199ROPxiIljGD3DBkUl5036f0CahZSwaOAyf\nR/YdR/jBL7d9L9jT+RUCAwEAAaNhMF8wDgYDVR0PAQH/BAQDAgKkMB0GA1UdJQQW\nMBQGCCsGAQUFBwMCBggrBgEFBQcDATAPBgNVHRMBAf8EBTADAQH/MB0GA1UdDgQW\nBBTIbWwsZ/LJCiFcMbv5CtA2eHs7mDANBgkqhkiG9w0BAQsFAAOCAQEAHs9VCH/8\nyQNfkIBCtk5e/3S37hfuSL/qPDGtO8heOpaH11PZkyIrs3nTCdlS5HIbUzsik9cD\n7mrSVfLJM3Pv/NnQLn6lrGJGtkSJaODyUoWbztjA6bCcYy71kGgLAqlzJZPhxAmU\nxr9eSfNYRdWroBCqI+DtJ6VjY14i7smn7OZNAFD5ykDdR6hDvGitYvXA7QkIX4G9\nJLn2DZmI3ALoc+V8wDiLp6bDMVV4uVtOKy/CV16jwYGRy6h6kJ0YfY4y1YhLSLZJ\nnS7W/wJmIMLRx2vXisY/NTcX/ZTu83rlWbTfKMz3mxj3m/Tu2YQwFSAKYdMkwWtt\nsjo8vIEZ5I15zQ==\n-----END CERTIFICATE-----\n",
                "cluster_host": "https://127.0.0.1:64035",
                "cluster_name": "prod-cluster"
              },
              "type": [
                "object",
                {
                  "client_certificate": "string",
                  "client_key": "string",
                  "cluster_ca_certificate": "string",
                  "cluster_host": "string",
                  "cluster_name": "string"
                }
              ]
            },
            "workspace": null
          },
          "sensitive_attributes": []
        }
      ]
    },
    {
      "mode": "managed",
      "type": "kubernetes_ingress_v1",
      "name": "app_ingress",
      "provider": "provider[\"registry.terraform.io/hashicorp/kubernetes\"]",
      "instances": [
        {
          "schema_version": 0,
          "attributes": {
            "id": "apps/app-ingress",
            "metadata": [
              {
                "annotations": {
                  "nginx.ingress.kubernetes.io/rewrite-target": "/$1"
                },
                "generate_name": "",
                "generation": 1,
                "labels": null,
                "name": "app-ingress",
                "namespace": "apps",
                "resource_version": "1227",
                "uid": "3e59bd30-5e10-4c3e-8003-70248f436e23"
              }
            ],
            "spec": [
              {
                "default_backend": [],
                "ingress_class_name": "nginx",
                "rule": [
                  {
                    "host": "prod.one2n.local",
                    "http": [
                      {
                        "path": [
                          {
                            "backend": [
                              {
                                "resource": [],
                                "service": [
                                  {
                                    "name": "app-service",
                                    "port": [
                                      {
                                        "name": "",
                                        "number": 80
                                      }
                                    ]
                                  }
                                ]
                              }
                            ],
                            "path": "/app/",
                            "path_type": "ImplementationSpecific"
                          }
                        ]
                      }
                    ]
                  }
                ],
                "tls": []
              }
            ],
            "status": [
              {
                "load_balancer": [
                  {
                    "ingress": []
                  }
                ]
              }
            ],
            "timeouts": null,
            "wait_for_load_balancer": null
          },
          "sensitive_attributes": [],
          "private": "eyJlMmJmYjczMC1lY2FhLTExZTYtOGY4OC0zNDM2M2JjN2M0YzAiOnsiY3JlYXRlIjoxMjAwMDAwMDAwMDAwLCJkZWxldGUiOjEyMDAwMDAwMDAwMDB9fQ==",
          "dependencies": [
            "data.terraform_remote_state.kubernetes_cluster",
            "kubernetes_namespace_v1.apps",
            "kubernetes_service_v1.app_service"
          ]
        }
      ]
    },
    {
      "mode": "managed",
      "type": "kubernetes_namespace_v1",
      "name": "apps",
      "provider": "provider[\"registry.terraform.io/hashicorp/kubernetes\"]",
      "instances": [
        {
          "schema_version": 0,
          "attributes": {
            "id": "apps",
            "metadata": [
              {
                "annotations": {},
                "generate_name": "",
                "generation": 0,
                "labels": {
                  "environment": "prod"
                },
                "name": "apps",
                "resource_version": "966",
                "uid": "012d1b73-fbbd-4539-a557-5e0918d48315"
              }
            ],
            "timeouts": null,
            "wait_for_default_service_account": false
          },
          "sensitive_attributes": [],
          "private": "eyJlMmJmYjczMC1lY2FhLTExZTYtOGY4OC0zNDM2M2JjN2M0YzAiOnsiZGVsZXRlIjozMDAwMDAwMDAwMDB9fQ==",
          "dependencies": [
            "data.terraform_remote_state.kubernetes_cluster"
          ]
        }
      ]
    },
    {
      "mode": "managed",
      "type": "kubernetes_persistent_volume_claim_v1",
      "name": "app_data_claim",
      "provider": "provider[\"registry.terraform.io/hashicorp/kubernetes\"]",
      "instances": [
        {
          "schema_version": 0,
          "attributes": {
            "id": "apps/app-volume-claim",
            "metadata": [
              {
                "annotations": {},
                "generate_name": "",
                "generation": 0,
                "labels": {},
                "name": "app-volume-claim",
                "namespace": "apps",
                "resource_version": "1027",
                "uid": "90375303-ffd2-4d99-a0dc-812cbba3d25c"
              }
            ],
            "spec": [
              {
                "access_modes": [
                  "ReadWriteOnce"
                ],
                "resources": [
                  {
                    "limits": {},
                    "requests": {
                      "storage": "5Gi"
                    }
                  }
                ],
                "selector": [],
                "storage_class_name": "standard",
                "volume_mode": "Filesystem",
                "volume_name": "app-storage"
              }
            ],
            "timeouts": null,
            "wait_until_bound": true
          },
          "sensitive_attributes": [],
          "private": "eyJlMmJmYjczMC1lY2FhLTExZTYtOGY4OC0zNDM2M2JjN2M0YzAiOnsiY3JlYXRlIjozMDAwMDAwMDAwMDB9fQ==",
          "dependencies": [
            "data.terraform_remote_state.kubernetes_cluster",
            "kubernetes_namespace_v1.apps",
            "kubernetes_persistent_volume_v1.app_data"
          ]
        }
      ]
    },
    {
      "mode": "managed",
      "type": "kubernetes_persistent_volume_v1",
      "name": "app_data",
      "provider": "provider[\"registry.terraform.io/hashicorp/kubernetes\"]",
      "instances": [
        {
          "schema_version": 0,
          "attributes": {
            "id": "app-storage",
            "metadata": [
              {
                "annotations": {},
                "generation": 0,
                "labels": {},
                "name": "app-storage",
                "resource_version": "1010",
                "uid": "41efe530-0d58-49ec-9d42-2b106cf3e2bf"
              }
            ],
            "spec": [
              {
                "access_modes": [
                  "ReadWriteOnce"
                ],
                "capacity": {
                  "storage": "10Gi"
                },
                "claim_ref": [
                  {
                    "name": "app-volume-claim",
                    "namespace": "apps"
                  }
                ],
                "mount_options": [],
                "node_affinity": [],
                "persistent_volume_reclaim_policy": "Retain",
                "persistent_volume_source": [
                  {
                    "aws_elastic_block_store": [],
                    "azure_disk": [],
                    "azure_file": [],
                    "ceph_fs": [],
                    "cinder": [],
                    "csi": [],
                    "fc": [],
                    "flex_volume": [],
                    "flocker": [],
                    "gce_persistent_disk": [],
                    "glusterfs": [],
                    "host_path": [
                      {
                        "path": "/data",
                        "type": "DirectoryOrCreate"
                      }
                    ],
                    "iscsi": [],
                    "local": [],
                    "nfs": [],
                    "photon_persistent_disk": [],
                    "quobyte": [],
                    "rbd": [],
                    "vsphere_volume": []
                  }
                ],
                "storage_class_name": "standard",
                "volume_mode": "Filesystem"
              }
            ],
            "timeouts": null
          },
          "sensitive_attributes": [],
          "private": "eyJlMmJmYjczMC1lY2FhLTExZTYtOGY4OC0zNDM2M2JjN2M0YzAiOnsiY3JlYXRlIjozMDAwMDAwMDAwMDB9fQ==",
          "dependencies": [
            "data.terraform_remote_state.kubernetes_cluster"
          ]
        }
      ]
    },
    {
      "mode": "managed",
      "type": "kubernetes_pod_v1",
      "name": "app",
      "provider": "provider[\"registry.terraform.io/hashicorp/kubernetes\"]",
      "instances": [
        {
          "schema_version": 1,
          "attributes": {
            "id": "apps/app",
            "metadata": [
              {
                "annotations": {},
                "generate_name": "",
                "generation": 0,
                "labels": {
                  "app.kubernetes.io/name": "app",
                  "environment": "prod"
                },
                "name": "app",
                "namespace": "apps",
                "resource_version": "1174",
                "uid": "04ddd351-4578-45a8-b0d4-d3f6a26dd8e3"
              }
            ],
            "spec": [
              {
                "active_deadline_seconds": 0,
                "affinity": [],
                "automount_service_account_token": true,
                "container": [
                  {
                    "args": [],
                    "command": [],
                    "env": [],
                    "env_from": [],
                    "image": "nginx:latest",
                    "image_pull_policy": "Always",
                    "lifecycle": [],
                    "liveness_probe": [
                      {
                        "exec": [],
                        "failure_threshold": 3,
                        "grpc": [],
                        "http_get": [
                          {
                            "host": "",
                            "http_header": [],
                            "path": "/",
                            "port": "80",
                            "scheme": "HTTP"
                          }
                        ],
                        "initial_delay_seconds": 0,
                        "period_seconds": 10,
                        "success_threshold": 1,
                        "tcp_socket": [],
                        "timeout_seconds": 1
                      }
                    ],
                    "name": "app",
                    "port": [],
                    "readiness_probe": [],
                    "resources": [
                      {
                        "limits": {
                          "cpu": "500m",
                          "memory": "128Mi"
                        },
                        "requests": {
                          "cpu": "250m",
                          "memory": "50Mi"
                        }
                      }
                    ],
                    "security_context": [],
                    "startup_probe": [],
                    "stdin": false,
                    "stdin_once": false,
                    "termination_message_path": "/dev/termination-log",
                    "termination_message_policy": "File",
                    "tty": false,
                    "volume_mount": [],
                    "working_dir": ""
                  }
                ],
                "dns_config": [],
                "dns_policy": "ClusterFirst",
                "enable_service_links": true,
                "host_aliases": [],
                "host_ipc": false,
                "host_network": false,
                "host_pid": false,
                "hostname": "",
                "image_pull_secrets": [],
                "init_container": [],
                "node_name": "prod-cluster",
                "node_selector": {},
                "os": [],
                "priority_class_name": "",
                "readiness_gate": [],
                "restart_policy": "Always",
                "runtime_class_name": "",
                "scheduler_name": "default-scheduler",
                "security_context": [],
                "service_account_name": "default",
                "share_process_namespace": false,
                "subdomain": "",
                "termination_grace_period_seconds": 30,
                "toleration": [],
                "topology_spread_constraint": [],
                "volume": []
              }
            ],
            "target_state": null,
            "timeouts": null
          },
          "sensitive_attributes": [],
          "private": "eyJlMmJmYjczMC1lY2FhLTExZTYtOGY4OC0zNDM2M2JjN2M0YzAiOnsiY3JlYXRlIjozMDAwMDAwMDAwMDAsImRlbGV0ZSI6MzAwMDAwMDAwMDAwfSwic2NoZW1hX3ZlcnNpb24iOiIxIn0=",
          "dependencies": [
            "data.terraform_remote_state.kubernetes_cluster",
            "kubernetes_namespace_v1.apps"
          ]
        }
      ]
    },
    {
      "mode": "managed",
      "type": "kubernetes_service_v1",
      "name": "app_service",
      "provider": "provider[\"registry.terraform.io/hashicorp/kubernetes\"]",
      "instances": [
        {
          "schema_version": 1,
          "attributes": {
            "id": "apps/app-service",
            "metadata": [
              {
                "annotations": {},
                "generate_name": "",
                "generation": 0,
                "labels": {},
                "name": "app-service",
                "namespace": "apps",
                "resource_version": "1000",
                "uid": "69357997-095c-4cfe-98c9-0359e67b99ba"
              }
            ],
            "spec": [
              {
                "allocate_load_balancer_node_ports": true,
                "cluster_ip": "10.101.222.228",
                "cluster_ips": [
                  "10.101.222.228"
                ],
                "external_ips": [],
                "external_name": "",
                "external_traffic_policy": "Cluster",
                "health_check_node_port": 0,
                "internal_traffic_policy": "Cluster",
                "ip_families": [
                  "IPv4"
                ],
                "ip_family_policy": "SingleStack",
                "load_balancer_class": "",
                "load_balancer_ip": "",
                "load_balancer_source_ranges": [],
                "port": [
                  {
                    "app_protocol": "",
                    "name": "",
                    "node_port": 31762,
                    "port": 80,
                    "protocol": "TCP",
                    "target_port": "80"
                  }
                ],
                "publish_not_ready_addresses": false,
                "selector": {
                  "app.kubernetes.io/name": "app"
                },
                "session_affinity": "None",
                "session_affinity_config": [],
                "type": "NodePort"
              }
            ],
            "status": [
              {
                "load_balancer": [
                  {
                    "ingress": []
                  }
                ]
              }
            ],
            "timeouts": null,
            "wait_for_load_balancer": true
          },
          "sensitive_attributes": [],
          "private": "eyJlMmJmYjczMC1lY2FhLTExZTYtOGY4OC0zNDM2M2JjN2M0YzAiOnsiY3JlYXRlIjo2MDAwMDAwMDAwMDB9LCJzY2hlbWFfdmVyc2lvbiI6IjEifQ==",
          "dependencies": [
            "data.terraform_remote_state.kubernetes_cluster",
            "kubernetes_namespace_v1.apps"
          ]
        }
      ]
    }
  ],
  "check_results": [
    {
      "object_kind": "var",
      "config_addr": "var.environment",
      "status": "pass",
      "objects": [
        {
          "object_addr": "var.environment",
          "status": "pass"
        }
      ]
    }
  ]
}
